// !$*UTF8*$!
{
	archiveVersion = 1;
	classes = {
	};
	objectVersion = 46;
	objects = {

/* Begin PBXBuildFile section */
		FE18308F188AF90C00EC68FC /* PCCTermViewController.m in Sources */ = {isa = PBXBuildFile; fileRef = FE18308E188AF90C00EC68FC /* PCCTermViewController.m */; };
		FE2410541873C6B000AA6328 /* icon-error.png in Resources */ = {isa = PBXBuildFile; fileRef = FE24104C1873C6B000AA6328 /* icon-error.png */; };
		FE2410551873C6B000AA6328 /* icon-error@2x.png in Resources */ = {isa = PBXBuildFile; fileRef = FE24104D1873C6B000AA6328 /* icon-error@2x.png */; };
		FE2410561873C6B000AA6328 /* icon-info.png in Resources */ = {isa = PBXBuildFile; fileRef = FE24104E1873C6B000AA6328 /* icon-info.png */; };
		FE2410571873C6B000AA6328 /* icon-info@2x.png in Resources */ = {isa = PBXBuildFile; fileRef = FE24104F1873C6B000AA6328 /* icon-info@2x.png */; };
		FE2410581873C6B000AA6328 /* icon-success.png in Resources */ = {isa = PBXBuildFile; fileRef = FE2410501873C6B000AA6328 /* icon-success.png */; };
		FE2410591873C6B000AA6328 /* icon-success@2x.png in Resources */ = {isa = PBXBuildFile; fileRef = FE2410511873C6B000AA6328 /* icon-success@2x.png */; };
		FE24105A1873C6B000AA6328 /* TWMessageBarManager.m in Sources */ = {isa = PBXBuildFile; fileRef = FE2410531873C6B000AA6328 /* TWMessageBarManager.m */; };
		FE24107718753C5600AA6328 /* PCCCatalogViewController.m in Sources */ = {isa = PBXBuildFile; fileRef = FE24107518753C5600AA6328 /* PCCCatalogViewController.m */; };
		FE24107818753C5600AA6328 /* PCCCatalogViewController.xib in Resources */ = {isa = PBXBuildFile; fileRef = FE24107618753C5600AA6328 /* PCCCatalogViewController.xib */; };
		FE24107C1875409900AA6328 /* PCCHUDView.m in Sources */ = {isa = PBXBuildFile; fileRef = FE24107B1875409900AA6328 /* PCCHUDView.m */; };
		FE24107E187540B600AA6328 /* PCCHUDView.xib in Resources */ = {isa = PBXBuildFile; fileRef = FE24107D187540B600AA6328 /* PCCHUDView.xib */; };
		FE241082187545A400AA6328 /* PCCHUDManager.m in Sources */ = {isa = PBXBuildFile; fileRef = FE241081187545A400AA6328 /* PCCHUDManager.m */; };
		FE24108818754A2200AA6328 /* KPLightBoxManager.m in Sources */ = {isa = PBXBuildFile; fileRef = FE24108718754A2200AA6328 /* KPLightBoxManager.m */; };
		FE24FFD6187DF27E004D540E /* PCCFTUEViewController.m in Sources */ = {isa = PBXBuildFile; fileRef = FE24FFD4187DF27E004D540E /* PCCFTUEViewController.m */; };
		FE24FFD7187DF27E004D540E /* PCCFTUEViewController.xib in Resources */ = {isa = PBXBuildFile; fileRef = FE24FFD5187DF27E004D540E /* PCCFTUEViewController.xib */; };
		FE24FFDB187E0622004D540E /* PCCScrollView.m in Sources */ = {isa = PBXBuildFile; fileRef = FE24FFDA187E0622004D540E /* PCCScrollView.m */; };
		FE24FFDE187E0B57004D540E /* checkmark.png in Resources */ = {isa = PBXBuildFile; fileRef = FE24FFDC187E0B57004D540E /* checkmark.png */; };
		FE24FFDF187E0B57004D540E /* checkmark@2x.png in Resources */ = {isa = PBXBuildFile; fileRef = FE24FFDD187E0B57004D540E /* checkmark@2x.png */; };
		FE24FFE2187E1974004D540E /* PCCPurdueLoginViewController.m in Sources */ = {isa = PBXBuildFile; fileRef = FE24FFE1187E1974004D540E /* PCCPurdueLoginViewController.m */; };
		FE24FFE5187E5F2F004D540E /* PCCFacebookLoginViewController.m in Sources */ = {isa = PBXBuildFile; fileRef = FE24FFE4187E5F2F004D540E /* PCCFacebookLoginViewController.m */; };
		FE26BA0B18D7F23300FB1E83 /* bubble.png in Resources */ = {isa = PBXBuildFile; fileRef = FE26BA0A18D7F23300FB1E83 /* bubble.png */; };
		FE2744F219006DFF007088D6 /* star-0.png in Resources */ = {isa = PBXBuildFile; fileRef = FE2744EC19006DFF007088D6 /* star-0.png */; };
		FE2744F319006DFF007088D6 /* star-1.png in Resources */ = {isa = PBXBuildFile; fileRef = FE2744ED19006DFF007088D6 /* star-1.png */; };
		FE2744F419006DFF007088D6 /* star-2.png in Resources */ = {isa = PBXBuildFile; fileRef = FE2744EE19006DFF007088D6 /* star-2.png */; };
		FE2744F519006DFF007088D6 /* star-3.png in Resources */ = {isa = PBXBuildFile; fileRef = FE2744EF19006DFF007088D6 /* star-3.png */; };
		FE2744F619006DFF007088D6 /* star-4.png in Resources */ = {isa = PBXBuildFile; fileRef = FE2744F019006DFF007088D6 /* star-4.png */; };
		FE2744F719006DFF007088D6 /* star-5.png in Resources */ = {isa = PBXBuildFile; fileRef = FE2744F119006DFF007088D6 /* star-5.png */; };
		FE2744FA1900711C007088D6 /* PCCourseRatingsCell.m in Sources */ = {isa = PBXBuildFile; fileRef = FE2744F91900711C007088D6 /* PCCourseRatingsCell.m */; };
		FE2744FD190071CD007088D6 /* PCCProfessorRatingsCell.m in Sources */ = {isa = PBXBuildFile; fileRef = FE2744FC190071CD007088D6 /* PCCProfessorRatingsCell.m */; };
		FE274500190378D1007088D6 /* PCCRating.m in Sources */ = {isa = PBXBuildFile; fileRef = FE2744FF190378D1007088D6 /* PCCRating.m */; };
		FE274503190379AB007088D6 /* PCCCourseRating.m in Sources */ = {isa = PBXBuildFile; fileRef = FE274502190379AB007088D6 /* PCCCourseRating.m */; };
		FE274506190379F0007088D6 /* PCCProfessorRating.m in Sources */ = {isa = PBXBuildFile; fileRef = FE274505190379F0007088D6 /* PCCProfessorRating.m */; };
		FE40F73918A0EAE700612AD0 /* FacebookSDK.framework in Frameworks */ = {isa = PBXBuildFile; fileRef = FE40F73818A0EAE700612AD0 /* FacebookSDK.framework */; };
		FE4D4C4B1895F0A900A5DBE1 /* PCCRegistrationError.m in Sources */ = {isa = PBXBuildFile; fileRef = FE4D4C4A1895F0A900A5DBE1 /* PCCRegistrationError.m */; };
		FE50C2DE18E7C39200C82363 /* PCCTabBarController.m in Sources */ = {isa = PBXBuildFile; fileRef = FE50C2DD18E7C39200C82363 /* PCCTabBarController.m */; };
		FE50C32618E7F9CD00C82363 /* student-256.png in Resources */ = {isa = PBXBuildFile; fileRef = FE50C32518E7F9CD00C82363 /* student-256.png */; };
		FE50C32818E7FB8000C82363 /* configuration.png in Resources */ = {isa = PBXBuildFile; fileRef = FE50C32718E7FB8000C82363 /* configuration.png */; };
		FE50C32A18E7FBEA00C82363 /* loupe.png in Resources */ = {isa = PBXBuildFile; fileRef = FE50C32918E7FBEA00C82363 /* loupe.png */; };
		FE50C32C18E7FC1F00C82363 /* comments.png in Resources */ = {isa = PBXBuildFile; fileRef = FE50C32B18E7FC1F00C82363 /* comments.png */; };
		FE50C5131870989A00EF24BA /* PCCEmptyCell.m in Sources */ = {isa = PBXBuildFile; fileRef = FE50C5121870989A00EF24BA /* PCCEmptyCell.m */; };
		FE50C5161870B3FC00EF24BA /* PCCSearchResultsCell.m in Sources */ = {isa = PBXBuildFile; fileRef = FE50C5151870B3FC00EF24BA /* PCCSearchResultsCell.m */; };
		FE50C5191870BBFB00EF24BA /* PCCSearchResultsViewController.m in Sources */ = {isa = PBXBuildFile; fileRef = FE50C5181870BBFB00EF24BA /* PCCSearchResultsViewController.m */; };
		FE50FF18185E9F190084ED32 /* PCCSideMenuViewController.m in Sources */ = {isa = PBXBuildFile; fileRef = FE50FF17185E9F190084ED32 /* PCCSideMenuViewController.m */; };
		FE5530DC184D3C4900D13587 /* Foundation.framework in Frameworks */ = {isa = PBXBuildFile; fileRef = FE5530DB184D3C4900D13587 /* Foundation.framework */; };
		FE5530DE184D3C4900D13587 /* CoreGraphics.framework in Frameworks */ = {isa = PBXBuildFile; fileRef = FE5530DD184D3C4900D13587 /* CoreGraphics.framework */; };
		FE5530E0184D3C4900D13587 /* UIKit.framework in Frameworks */ = {isa = PBXBuildFile; fileRef = FE5530DF184D3C4900D13587 /* UIKit.framework */; };
		FE5530E6184D3C4900D13587 /* InfoPlist.strings in Resources */ = {isa = PBXBuildFile; fileRef = FE5530E4184D3C4900D13587 /* InfoPlist.strings */; };
		FE5530E8184D3C4900D13587 /* main.m in Sources */ = {isa = PBXBuildFile; fileRef = FE5530E7184D3C4900D13587 /* main.m */; };
		FE5530EC184D3C4900D13587 /* PCCAppDelegate.m in Sources */ = {isa = PBXBuildFile; fileRef = FE5530EB184D3C4900D13587 /* PCCAppDelegate.m */; };
		FE5530F4184D3C4900D13587 /* Images.xcassets in Resources */ = {isa = PBXBuildFile; fileRef = FE5530F3184D3C4900D13587 /* Images.xcassets */; };
		FE5530FB184D3C4900D13587 /* XCTest.framework in Frameworks */ = {isa = PBXBuildFile; fileRef = FE5530FA184D3C4900D13587 /* XCTest.framework */; };
		FE5530FC184D3C4900D13587 /* Foundation.framework in Frameworks */ = {isa = PBXBuildFile; fileRef = FE5530DB184D3C4900D13587 /* Foundation.framework */; };
		FE5530FD184D3C4900D13587 /* UIKit.framework in Frameworks */ = {isa = PBXBuildFile; fileRef = FE5530DF184D3C4900D13587 /* UIKit.framework */; };
		FE553105184D3C4900D13587 /* InfoPlist.strings in Resources */ = {isa = PBXBuildFile; fileRef = FE553103184D3C4900D13587 /* InfoPlist.strings */; };
		FE553107184D3C4900D13587 /* Purdue_Course_CatcherTests.m in Sources */ = {isa = PBXBuildFile; fileRef = FE553106184D3C4900D13587 /* Purdue_Course_CatcherTests.m */; };
		FE553118184D3D9A00D13587 /* PCCScheduleViewController.m in Sources */ = {isa = PBXBuildFile; fileRef = FE553116184D3D9A00D13587 /* PCCScheduleViewController.m */; };
		FE55311C184D3DF800D13587 /* MainStoryboard.storyboard in Resources */ = {isa = PBXBuildFile; fileRef = FE55311B184D3DF800D13587 /* MainStoryboard.storyboard */; };
		FE55311F184D446A00D13587 /* PCCCatcherViewController.m in Sources */ = {isa = PBXBuildFile; fileRef = FE55311E184D446A00D13587 /* PCCCatcherViewController.m */; };
		FE553125184D481400D13587 /* PCCMenuViewController.m in Sources */ = {isa = PBXBuildFile; fileRef = FE553124184D481400D13587 /* PCCMenuViewController.m */; };
		FE6BBC9B1866777600760E7A /* PCCScheduleCell.m in Sources */ = {isa = PBXBuildFile; fileRef = FE6BBC9A1866777600760E7A /* PCCScheduleCell.m */; };
		FE6BBC9E1866C10600760E7A /* PCCSettingsViewController.m in Sources */ = {isa = PBXBuildFile; fileRef = FE6BBC9D1866C10600760E7A /* PCCSettingsViewController.m */; };
		FE6BBCA21866C74700760E7A /* PCCScheduleHeaderViewController.m in Sources */ = {isa = PBXBuildFile; fileRef = FE6BBCA01866C74700760E7A /* PCCScheduleHeaderViewController.m */; };
		FE6BBCA31866C74700760E7A /* PCCScheduleHeaderViewController.xib in Resources */ = {isa = PBXBuildFile; fileRef = FE6BBCA11866C74700760E7A /* PCCScheduleHeaderViewController.xib */; };
		FE6DD97218D54E3500D033FC /* PCCNicknameTableViewCell.m in Sources */ = {isa = PBXBuildFile; fileRef = FE6DD97118D54E3500D033FC /* PCCNicknameTableViewCell.m */; };
		FE6DD97518D5509900D033FC /* PCCNicknameTableViewController.m in Sources */ = {isa = PBXBuildFile; fileRef = FE6DD97418D5509900D033FC /* PCCNicknameTableViewController.m */; };
		FE7386CA18D617B7004EA448 /* twitter.jpg in Resources */ = {isa = PBXBuildFile; fileRef = FE7386C818D617B7004EA448 /* twitter.jpg */; };
		FE7386CB18D617B7004EA448 /* mail.png in Resources */ = {isa = PBXBuildFile; fileRef = FE7386C918D617B7004EA448 /* mail.png */; };
		FE7B734018CE8A0C003D9D11 /* IAPHelper.m in Sources */ = {isa = PBXBuildFile; fileRef = FE7B733F18CE8A0C003D9D11 /* IAPHelper.m */; };
		FE7B734318CE8C0A003D9D11 /* PCCIAPHelper.m in Sources */ = {isa = PBXBuildFile; fileRef = FE7B734218CE8C0A003D9D11 /* PCCIAPHelper.m */; };
		FE7B734A18CE8D99003D9D11 /* NSData+Base64.m in Sources */ = {isa = PBXBuildFile; fileRef = FE7B734718CE8D99003D9D11 /* NSData+Base64.m */; };
		FE7B734B18CE8D99003D9D11 /* VerificationController.m in Sources */ = {isa = PBXBuildFile; fileRef = FE7B734918CE8D99003D9D11 /* VerificationController.m */; };
		FE7B734E18CE9746003D9D11 /* PCCStoreViewController.m in Sources */ = {isa = PBXBuildFile; fileRef = FE7B734D18CE9746003D9D11 /* PCCStoreViewController.m */; };
		FE7B735118CE992F003D9D11 /* PCCSettingsCell.m in Sources */ = {isa = PBXBuildFile; fileRef = FE7B735018CE992F003D9D11 /* PCCSettingsCell.m */; };
		FE7B735318CEA370003D9D11 /* bug.png in Resources */ = {isa = PBXBuildFile; fileRef = FE7B735218CEA370003D9D11 /* bug.png */; };
		FE7B735518CEA3A3003D9D11 /* Debug-Bug-icon.png in Resources */ = {isa = PBXBuildFile; fileRef = FE7B735418CEA3A3003D9D11 /* Debug-Bug-icon.png */; };
		FE7B735718CEA40E003D9D11 /* info.png in Resources */ = {isa = PBXBuildFile; fileRef = FE7B735618CEA40E003D9D11 /* info.png */; };
		FE7B735918CEA44A003D9D11 /* Ecommerce-Buy-icon.png in Resources */ = {isa = PBXBuildFile; fileRef = FE7B735818CEA44A003D9D11 /* Ecommerce-Buy-icon.png */; };
		FE83AEAD18EF8A8A00324E20 /* PCCRatingViewController.m in Sources */ = {isa = PBXBuildFile; fileRef = FE83AEAC18EF8A8A00324E20 /* PCCRatingViewController.m */; };
		FE9628C0185ECF9F00F699B5 /* PCCSearchViewController.m in Sources */ = {isa = PBXBuildFile; fileRef = FE9628BF185ECF9F00F699B5 /* PCCSearchViewController.m */; };
		FE9628C4185ED75200F699B5 /* MyPurdueManager.m in Sources */ = {isa = PBXBuildFile; fileRef = FE9628C3185ED75200F699B5 /* MyPurdueManager.m */; };
		FE9628C8185ED7D800F699B5 /* Helpers.m in Sources */ = {isa = PBXBuildFile; fileRef = FE9628C7185ED7D800F699B5 /* Helpers.m */; };
		FE9628D2185ED9A100F699B5 /* Course.m in Sources */ = {isa = PBXBuildFile; fileRef = FE9628CB185ED9A100F699B5 /* Course.m */; };
		FE9628D3185ED9A100F699B5 /* PCFClassModel.m in Sources */ = {isa = PBXBuildFile; fileRef = FE9628CD185ED9A100F699B5 /* PCFClassModel.m */; };
		FE9628D4185ED9A100F699B5 /* PCCCourseSlots.m in Sources */ = {isa = PBXBuildFile; fileRef = FE9628CF185ED9A100F699B5 /* PCCCourseSlots.m */; };
		FE9628D5185ED9A100F699B5 /* PCCObject.m in Sources */ = {isa = PBXBuildFile; fileRef = FE9628D1185ED9A100F699B5 /* PCCObject.m */; };
		FE9628D8185ED9D500F699B5 /* PCFNetworkManager.m in Sources */ = {isa = PBXBuildFile; fileRef = FE9628D7185ED9D500F699B5 /* PCFNetworkManager.m */; };
		FE9628DB185EDA1700F699B5 /* Reachability.m in Sources */ = {isa = PBXBuildFile; fileRef = FE9628DA185EDA1700F699B5 /* Reachability.m */; settings = {COMPILER_FLAGS = "-fno-objc-arc"; }; };
		FE9628DE185FBCA800F699B5 /* PCCDataManager.m in Sources */ = {isa = PBXBuildFile; fileRef = FE9628DD185FBCA800F699B5 /* PCCDataManager.m */; };
		FEA2017618711842009DFE84 /* DropAnimationController.m in Sources */ = {isa = PBXBuildFile; fileRef = FEA2017318711842009DFE84 /* DropAnimationController.m */; };
		FEA2017718711842009DFE84 /* ZoomAnimationController.m in Sources */ = {isa = PBXBuildFile; fileRef = FEA2017518711842009DFE84 /* ZoomAnimationController.m */; };
		FEA2017D1873AE4D009DFE84 /* UIView+Animations.m in Sources */ = {isa = PBXBuildFile; fileRef = FEA2017C1873AE4D009DFE84 /* UIView+Animations.m */; };
		FEAE7FA11897530F001FBC09 /* Ps-x-button.png in Resources */ = {isa = PBXBuildFile; fileRef = FEAE7FA01897530F001FBC09 /* Ps-x-button.png */; };
		FEAE7FA418976075001FBC09 /* PCCRegistrationStatusViewViewController.m in Sources */ = {isa = PBXBuildFile; fileRef = FEAE7FA318976075001FBC09 /* PCCRegistrationStatusViewViewController.m */; };
		FEB4D5D01890EE4600386C86 /* PCCRegistrationCell.m in Sources */ = {isa = PBXBuildFile; fileRef = FEB4D5CF1890EE4600386C86 /* PCCRegistrationCell.m */; };
		FEB638F518CFEF720066F982 /* cart.png in Resources */ = {isa = PBXBuildFile; fileRef = FEB638F318CFEF720066F982 /* cart.png */; };
		FEB638F618CFEF720066F982 /* down_arrow.png in Resources */ = {isa = PBXBuildFile; fileRef = FEB638F418CFEF720066F982 /* down_arrow.png */; };
		FEB638F918D000F00066F982 /* PCCPurchaseViewController.m in Sources */ = {isa = PBXBuildFile; fileRef = FEB638F818D000F00066F982 /* PCCPurchaseViewController.m */; };
		FEB99657188DABFE0017C552 /* PCCHeaderViewController.m in Sources */ = {isa = PBXBuildFile; fileRef = FEB99655188DABFE0017C552 /* PCCHeaderViewController.m */; };
		FEB99658188DABFE0017C552 /* PCCHeaderViewController.xib in Resources */ = {isa = PBXBuildFile; fileRef = FEB99656188DABFE0017C552 /* PCCHeaderViewController.xib */; };
		FEB9965C188DFDCB0017C552 /* PCCRegistrationViewController.m in Sources */ = {isa = PBXBuildFile; fileRef = FEB9965B188DFDCB0017C552 /* PCCRegistrationViewController.m */; };
		FEB99660188F563F0017C552 /* failure.png in Resources */ = {isa = PBXBuildFile; fileRef = FEB9965F188F563F0017C552 /* failure.png */; };
		FEBC7084188258BE00BCF873 /* PCCCatcherCell.m in Sources */ = {isa = PBXBuildFile; fileRef = FEBC7083188258BE00BCF873 /* PCCCatcherCell.m */; };
		FED58A281890647A001991F2 /* PCCRegistrationDropCell.m in Sources */ = {isa = PBXBuildFile; fileRef = FED58A271890647A001991F2 /* PCCRegistrationDropCell.m */; };
		FED58A2B18908DF8001991F2 /* add.png in Resources */ = {isa = PBXBuildFile; fileRef = FED58A2A18908DF8001991F2 /* add.png */; };
		FED58A2E1890C375001991F2 /* PCCRegistrationAddCell.m in Sources */ = {isa = PBXBuildFile; fileRef = FED58A2D1890C375001991F2 /* PCCRegistrationAddCell.m */; };
		FED58A311890D1FD001991F2 /* PCCRegistrationBasketViewController.m in Sources */ = {isa = PBXBuildFile; fileRef = FED58A301890D1FD001991F2 /* PCCRegistrationBasketViewController.m */; };
		FED58A361890D76F001991F2 /* shopping-basket.png in Resources */ = {isa = PBXBuildFile; fileRef = FED58A351890D76F001991F2 /* shopping-basket.png */; };
		FED58A3A1890D91E001991F2 /* basket.png in Resources */ = {isa = PBXBuildFile; fileRef = FED58A371890D91E001991F2 /* basket.png */; };
		FED58A3B1890D91E001991F2 /* left_handle.png in Resources */ = {isa = PBXBuildFile; fileRef = FED58A381890D91E001991F2 /* left_handle.png */; };
		FED58A3C1890D91E001991F2 /* right_side.png in Resources */ = {isa = PBXBuildFile; fileRef = FED58A391890D91E001991F2 /* right_side.png */; };
		FED58A401890E3B8001991F2 /* PCCLinkedSectionViewController.m in Sources */ = {isa = PBXBuildFile; fileRef = FED58A3E1890E3B8001991F2 /* PCCLinkedSectionViewController.m */; };
		FEE5719E186A4E4A00FE8FA8 /* EGORefreshTableHeaderView.m in Sources */ = {isa = PBXBuildFile; fileRef = FEE57194186A4E4A00FE8FA8 /* EGORefreshTableHeaderView.m */; settings = {COMPILER_FLAGS = "-fno-objc-arc"; }; };
		FEE5719F186A4E4A00FE8FA8 /* blackArrow.png in Resources */ = {isa = PBXBuildFile; fileRef = FEE57196186A4E4A00FE8FA8 /* blackArrow.png */; };
		FEE571A0186A4E4A00FE8FA8 /* blackArrow@2x.png in Resources */ = {isa = PBXBuildFile; fileRef = FEE57197186A4E4A00FE8FA8 /* blackArrow@2x.png */; };
		FEE571A1186A4E4A00FE8FA8 /* blueArrow.png in Resources */ = {isa = PBXBuildFile; fileRef = FEE57198186A4E4A00FE8FA8 /* blueArrow.png */; };
		FEE571A2186A4E4A00FE8FA8 /* blueArrow@2x.png in Resources */ = {isa = PBXBuildFile; fileRef = FEE57199186A4E4A00FE8FA8 /* blueArrow@2x.png */; };
		FEE571A3186A4E4A00FE8FA8 /* grayArrow.png in Resources */ = {isa = PBXBuildFile; fileRef = FEE5719A186A4E4A00FE8FA8 /* grayArrow.png */; };
		FEE571A4186A4E4A00FE8FA8 /* grayArrow@2x.png in Resources */ = {isa = PBXBuildFile; fileRef = FEE5719B186A4E4A00FE8FA8 /* grayArrow@2x.png */; };
		FEE571A5186A4E4A00FE8FA8 /* whiteArrow.png in Resources */ = {isa = PBXBuildFile; fileRef = FEE5719C186A4E4A00FE8FA8 /* whiteArrow.png */; };
		FEE571A6186A4E4A00FE8FA8 /* whiteArrow@2x.png in Resources */ = {isa = PBXBuildFile; fileRef = FEE5719D186A4E4A00FE8FA8 /* whiteArrow@2x.png */; };
		FEE571A9186D00B700FE8FA8 /* PCFAutoCompleteTextField.m in Sources */ = {isa = PBXBuildFile; fileRef = FEE571A8186D00B700FE8FA8 /* PCFAutoCompleteTextField.m */; };
		FEE89B8A18CEB3D60026AB5F /* PCCStoreCell.m in Sources */ = {isa = PBXBuildFile; fileRef = FEE89B8918CEB3D60026AB5F /* PCCStoreCell.m */; };
		FEE89B8C18CEE4D30026AB5F /* StoreKit.framework in Frameworks */ = {isa = PBXBuildFile; fileRef = FEE89B8B18CEE4D30026AB5F /* StoreKit.framework */; };
/* End PBXBuildFile section */

/* Begin PBXContainerItemProxy section */
		FE5530FE184D3C4900D13587 /* PBXContainerItemProxy */ = {
			isa = PBXContainerItemProxy;
			containerPortal = FE5530D0184D3C4900D13587 /* Project object */;
			proxyType = 1;
			remoteGlobalIDString = FE5530D7184D3C4900D13587;
			remoteInfo = "Purdue Course Catcher";
		};
/* End PBXContainerItemProxy section */

/* Begin PBXFileReference section */
		FE18308D188AF90C00EC68FC /* PCCTermViewController.h */ = {isa = PBXFileReference; fileEncoding = 4; lastKnownFileType = sourcecode.c.h; name = PCCTermViewController.h; path = "Purdue Course Catcher/View Controllers/PCCTermViewController.h"; sourceTree = "<group>"; };
		FE18308E188AF90C00EC68FC /* PCCTermViewController.m */ = {isa = PBXFileReference; fileEncoding = 4; lastKnownFileType = sourcecode.c.objc; name = PCCTermViewController.m; path = "Purdue Course Catcher/View Controllers/PCCTermViewController.m"; sourceTree = "<group>"; };
		FE24104C1873C6B000AA6328 /* icon-error.png */ = {isa = PBXFileReference; lastKnownFileType = image.png; path = "icon-error.png"; sourceTree = "<group>"; };
		FE24104D1873C6B000AA6328 /* icon-error@2x.png */ = {isa = PBXFileReference; lastKnownFileType = image.png; path = "icon-error@2x.png"; sourceTree = "<group>"; };
		FE24104E1873C6B000AA6328 /* icon-info.png */ = {isa = PBXFileReference; lastKnownFileType = image.png; path = "icon-info.png"; sourceTree = "<group>"; };
		FE24104F1873C6B000AA6328 /* icon-info@2x.png */ = {isa = PBXFileReference; lastKnownFileType = image.png; path = "icon-info@2x.png"; sourceTree = "<group>"; };
		FE2410501873C6B000AA6328 /* icon-success.png */ = {isa = PBXFileReference; lastKnownFileType = image.png; path = "icon-success.png"; sourceTree = "<group>"; };
		FE2410511873C6B000AA6328 /* icon-success@2x.png */ = {isa = PBXFileReference; lastKnownFileType = image.png; path = "icon-success@2x.png"; sourceTree = "<group>"; };
		FE2410521873C6B000AA6328 /* TWMessageBarManager.h */ = {isa = PBXFileReference; fileEncoding = 4; lastKnownFileType = sourcecode.c.h; path = TWMessageBarManager.h; sourceTree = "<group>"; };
		FE2410531873C6B000AA6328 /* TWMessageBarManager.m */ = {isa = PBXFileReference; fileEncoding = 4; lastKnownFileType = sourcecode.c.objc; path = TWMessageBarManager.m; sourceTree = "<group>"; };
		FE24107418753C5600AA6328 /* PCCCatalogViewController.h */ = {isa = PBXFileReference; fileEncoding = 4; lastKnownFileType = sourcecode.c.h; name = PCCCatalogViewController.h; path = "Purdue Course Catcher/View Controllers/PCCCatalogViewController.h"; sourceTree = "<group>"; };
		FE24107518753C5600AA6328 /* PCCCatalogViewController.m */ = {isa = PBXFileReference; fileEncoding = 4; lastKnownFileType = sourcecode.c.objc; name = PCCCatalogViewController.m; path = "Purdue Course Catcher/View Controllers/PCCCatalogViewController.m"; sourceTree = "<group>"; };
		FE24107618753C5600AA6328 /* PCCCatalogViewController.xib */ = {isa = PBXFileReference; fileEncoding = 4; lastKnownFileType = file.xib; name = PCCCatalogViewController.xib; path = "Purdue Course Catcher/View Controllers/PCCCatalogViewController.xib"; sourceTree = "<group>"; };
		FE24107A1875409900AA6328 /* PCCHUDView.h */ = {isa = PBXFileReference; fileEncoding = 4; lastKnownFileType = sourcecode.c.h; name = PCCHUDView.h; path = "Purdue Course Catcher/Views/PCCHUDView.h"; sourceTree = "<group>"; };
		FE24107B1875409900AA6328 /* PCCHUDView.m */ = {isa = PBXFileReference; fileEncoding = 4; lastKnownFileType = sourcecode.c.objc; name = PCCHUDView.m; path = "Purdue Course Catcher/Views/PCCHUDView.m"; sourceTree = "<group>"; };
		FE24107D187540B600AA6328 /* PCCHUDView.xib */ = {isa = PBXFileReference; fileEncoding = 4; lastKnownFileType = file.xib; name = PCCHUDView.xib; path = EGOTableViewPullRefresh/Classes/View/PCCHUDView.xib; sourceTree = "<group>"; };
		FE241080187545A400AA6328 /* PCCHUDManager.h */ = {isa = PBXFileReference; fileEncoding = 4; lastKnownFileType = sourcecode.c.h; name = PCCHUDManager.h; path = "Purdue Course Catcher/Views/PCCHUDManager.h"; sourceTree = "<group>"; };
		FE241081187545A400AA6328 /* PCCHUDManager.m */ = {isa = PBXFileReference; fileEncoding = 4; lastKnownFileType = sourcecode.c.objc; name = PCCHUDManager.m; path = "Purdue Course Catcher/Views/PCCHUDManager.m"; sourceTree = "<group>"; };
		FE24108618754A2200AA6328 /* KPLightBoxManager.h */ = {isa = PBXFileReference; fileEncoding = 4; lastKnownFileType = sourcecode.c.h; path = KPLightBoxManager.h; sourceTree = "<group>"; };
		FE24108718754A2200AA6328 /* KPLightBoxManager.m */ = {isa = PBXFileReference; fileEncoding = 4; lastKnownFileType = sourcecode.c.objc; path = KPLightBoxManager.m; sourceTree = "<group>"; };
		FE24FFD3187DF27E004D540E /* PCCFTUEViewController.h */ = {isa = PBXFileReference; fileEncoding = 4; lastKnownFileType = sourcecode.c.h; name = PCCFTUEViewController.h; path = "Purdue Course Catcher/View Controllers/PCCFTUEViewController.h"; sourceTree = "<group>"; };
		FE24FFD4187DF27E004D540E /* PCCFTUEViewController.m */ = {isa = PBXFileReference; fileEncoding = 4; lastKnownFileType = sourcecode.c.objc; name = PCCFTUEViewController.m; path = "Purdue Course Catcher/View Controllers/PCCFTUEViewController.m"; sourceTree = "<group>"; };
		FE24FFD5187DF27E004D540E /* PCCFTUEViewController.xib */ = {isa = PBXFileReference; fileEncoding = 4; lastKnownFileType = file.xib; name = PCCFTUEViewController.xib; path = "Purdue Course Catcher/View Controllers/PCCFTUEViewController.xib"; sourceTree = "<group>"; };
		FE24FFD9187E0622004D540E /* PCCScrollView.h */ = {isa = PBXFileReference; fileEncoding = 4; lastKnownFileType = sourcecode.c.h; name = PCCScrollView.h; path = "Purdue Course Catcher/Convenience/PCCScrollView.h"; sourceTree = "<group>"; };
		FE24FFDA187E0622004D540E /* PCCScrollView.m */ = {isa = PBXFileReference; fileEncoding = 4; lastKnownFileType = sourcecode.c.objc; name = PCCScrollView.m; path = "Purdue Course Catcher/Convenience/PCCScrollView.m"; sourceTree = "<group>"; };
		FE24FFDC187E0B57004D540E /* checkmark.png */ = {isa = PBXFileReference; lastKnownFileType = image.png; path = checkmark.png; sourceTree = "<group>"; };
		FE24FFDD187E0B57004D540E /* checkmark@2x.png */ = {isa = PBXFileReference; lastKnownFileType = image.png; path = "checkmark@2x.png"; sourceTree = "<group>"; };
		FE24FFE0187E1974004D540E /* PCCPurdueLoginViewController.h */ = {isa = PBXFileReference; fileEncoding = 4; lastKnownFileType = sourcecode.c.h; name = PCCPurdueLoginViewController.h; path = "Purdue Course Catcher/View Controllers/PCCPurdueLoginViewController.h"; sourceTree = "<group>"; };
		FE24FFE1187E1974004D540E /* PCCPurdueLoginViewController.m */ = {isa = PBXFileReference; fileEncoding = 4; lastKnownFileType = sourcecode.c.objc; name = PCCPurdueLoginViewController.m; path = "Purdue Course Catcher/View Controllers/PCCPurdueLoginViewController.m"; sourceTree = "<group>"; };
		FE24FFE3187E5F2F004D540E /* PCCFacebookLoginViewController.h */ = {isa = PBXFileReference; fileEncoding = 4; lastKnownFileType = sourcecode.c.h; name = PCCFacebookLoginViewController.h; path = "Purdue Course Catcher/View Controllers/PCCFacebookLoginViewController.h"; sourceTree = "<group>"; };
		FE24FFE4187E5F2F004D540E /* PCCFacebookLoginViewController.m */ = {isa = PBXFileReference; fileEncoding = 4; lastKnownFileType = sourcecode.c.objc; name = PCCFacebookLoginViewController.m; path = "Purdue Course Catcher/View Controllers/PCCFacebookLoginViewController.m"; sourceTree = "<group>"; };
		FE26BA0A18D7F23300FB1E83 /* bubble.png */ = {isa = PBXFileReference; lastKnownFileType = image.png; path = bubble.png; sourceTree = "<group>"; };
		FE2744EC19006DFF007088D6 /* star-0.png */ = {isa = PBXFileReference; lastKnownFileType = image.png; path = "star-0.png"; sourceTree = "<group>"; };
		FE2744ED19006DFF007088D6 /* star-1.png */ = {isa = PBXFileReference; lastKnownFileType = image.png; path = "star-1.png"; sourceTree = "<group>"; };
		FE2744EE19006DFF007088D6 /* star-2.png */ = {isa = PBXFileReference; lastKnownFileType = image.png; path = "star-2.png"; sourceTree = "<group>"; };
		FE2744EF19006DFF007088D6 /* star-3.png */ = {isa = PBXFileReference; lastKnownFileType = image.png; path = "star-3.png"; sourceTree = "<group>"; };
		FE2744F019006DFF007088D6 /* star-4.png */ = {isa = PBXFileReference; lastKnownFileType = image.png; path = "star-4.png"; sourceTree = "<group>"; };
		FE2744F119006DFF007088D6 /* star-5.png */ = {isa = PBXFileReference; lastKnownFileType = image.png; path = "star-5.png"; sourceTree = "<group>"; };
		FE2744F81900711C007088D6 /* PCCCourseRatingsCell.h */ = {isa = PBXFileReference; fileEncoding = 4; lastKnownFileType = sourcecode.c.h; name = PCCCourseRatingsCell.h; path = "Purdue Course Catcher/Cells/PCCCourseRatingsCell.h"; sourceTree = "<group>"; };
		FE2744F91900711C007088D6 /* PCCourseRatingsCell.m */ = {isa = PBXFileReference; fileEncoding = 4; lastKnownFileType = sourcecode.c.objc; name = PCCourseRatingsCell.m; path = "Purdue Course Catcher/Cells/PCCourseRatingsCell.m"; sourceTree = "<group>"; };
		FE2744FB190071CD007088D6 /* PCCProfessorRatingsCell.h */ = {isa = PBXFileReference; fileEncoding = 4; lastKnownFileType = sourcecode.c.h; name = PCCProfessorRatingsCell.h; path = "Purdue Course Catcher/Cells/PCCProfessorRatingsCell.h"; sourceTree = "<group>"; };
		FE2744FC190071CD007088D6 /* PCCProfessorRatingsCell.m */ = {isa = PBXFileReference; fileEncoding = 4; lastKnownFileType = sourcecode.c.objc; name = PCCProfessorRatingsCell.m; path = "Purdue Course Catcher/Cells/PCCProfessorRatingsCell.m"; sourceTree = "<group>"; };
		FE2744FE190378D1007088D6 /* PCCRating.h */ = {isa = PBXFileReference; fileEncoding = 4; lastKnownFileType = sourcecode.c.h; path = PCCRating.h; sourceTree = "<group>"; };
		FE2744FF190378D1007088D6 /* PCCRating.m */ = {isa = PBXFileReference; fileEncoding = 4; lastKnownFileType = sourcecode.c.objc; path = PCCRating.m; sourceTree = "<group>"; };
		FE274501190379AB007088D6 /* PCCCourseRating.h */ = {isa = PBXFileReference; fileEncoding = 4; lastKnownFileType = sourcecode.c.h; path = PCCCourseRating.h; sourceTree = "<group>"; };
		FE274502190379AB007088D6 /* PCCCourseRating.m */ = {isa = PBXFileReference; fileEncoding = 4; lastKnownFileType = sourcecode.c.objc; path = PCCCourseRating.m; sourceTree = "<group>"; };
		FE274504190379F0007088D6 /* PCCProfessorRating.h */ = {isa = PBXFileReference; fileEncoding = 4; lastKnownFileType = sourcecode.c.h; path = PCCProfessorRating.h; sourceTree = "<group>"; };
		FE274505190379F0007088D6 /* PCCProfessorRating.m */ = {isa = PBXFileReference; fileEncoding = 4; lastKnownFileType = sourcecode.c.objc; path = PCCProfessorRating.m; sourceTree = "<group>"; };
		FE40F73818A0EAE700612AD0 /* FacebookSDK.framework */ = {isa = PBXFileReference; lastKnownFileType = wrapper.framework; name = FacebookSDK.framework; path = ../../../Documents/FacebookSDK/FacebookSDK.framework; sourceTree = "<group>"; };
		FE4D4C491895F0A900A5DBE1 /* PCCRegistrationError.h */ = {isa = PBXFileReference; fileEncoding = 4; lastKnownFileType = sourcecode.c.h; path = PCCRegistrationError.h; sourceTree = "<group>"; };
		FE4D4C4A1895F0A900A5DBE1 /* PCCRegistrationError.m */ = {isa = PBXFileReference; fileEncoding = 4; lastKnownFileType = sourcecode.c.objc; path = PCCRegistrationError.m; sourceTree = "<group>"; };
		FE50C2DC18E7C39200C82363 /* PCCTabBarController.h */ = {isa = PBXFileReference; fileEncoding = 4; lastKnownFileType = sourcecode.c.h; name = PCCTabBarController.h; path = "Purdue Course Catcher/View Controllers/PCCTabBarController.h"; sourceTree = "<group>"; };
		FE50C2DD18E7C39200C82363 /* PCCTabBarController.m */ = {isa = PBXFileReference; fileEncoding = 4; lastKnownFileType = sourcecode.c.objc; name = PCCTabBarController.m; path = "Purdue Course Catcher/View Controllers/PCCTabBarController.m"; sourceTree = "<group>"; };
		FE50C32518E7F9CD00C82363 /* student-256.png */ = {isa = PBXFileReference; lastKnownFileType = image.png; path = "student-256.png"; sourceTree = "<group>"; };
		FE50C32718E7FB8000C82363 /* configuration.png */ = {isa = PBXFileReference; lastKnownFileType = image.png; path = configuration.png; sourceTree = "<group>"; };
		FE50C32918E7FBEA00C82363 /* loupe.png */ = {isa = PBXFileReference; lastKnownFileType = image.png; path = loupe.png; sourceTree = "<group>"; };
		FE50C32B18E7FC1F00C82363 /* comments.png */ = {isa = PBXFileReference; lastKnownFileType = image.png; path = comments.png; sourceTree = "<group>"; };
		FE50C5111870989A00EF24BA /* PCCEmptyCell.h */ = {isa = PBXFileReference; fileEncoding = 4; lastKnownFileType = sourcecode.c.h; name = PCCEmptyCell.h; path = "Purdue Course Catcher/Cells/PCCEmptyCell.h"; sourceTree = "<group>"; };
		FE50C5121870989A00EF24BA /* PCCEmptyCell.m */ = {isa = PBXFileReference; fileEncoding = 4; lastKnownFileType = sourcecode.c.objc; name = PCCEmptyCell.m; path = "Purdue Course Catcher/Cells/PCCEmptyCell.m"; sourceTree = "<group>"; };
		FE50C5141870B3FC00EF24BA /* PCCSearchResultsCell.h */ = {isa = PBXFileReference; fileEncoding = 4; lastKnownFileType = sourcecode.c.h; name = PCCSearchResultsCell.h; path = "Purdue Course Catcher/Cells/PCCSearchResultsCell.h"; sourceTree = "<group>"; };
		FE50C5151870B3FC00EF24BA /* PCCSearchResultsCell.m */ = {isa = PBXFileReference; fileEncoding = 4; lastKnownFileType = sourcecode.c.objc; name = PCCSearchResultsCell.m; path = "Purdue Course Catcher/Cells/PCCSearchResultsCell.m"; sourceTree = "<group>"; };
		FE50C5171870BBFB00EF24BA /* PCCSearchResultsViewController.h */ = {isa = PBXFileReference; fileEncoding = 4; lastKnownFileType = sourcecode.c.h; name = PCCSearchResultsViewController.h; path = "Purdue Course Catcher/View Controllers/PCCSearchResultsViewController.h"; sourceTree = "<group>"; };
		FE50C5181870BBFB00EF24BA /* PCCSearchResultsViewController.m */ = {isa = PBXFileReference; fileEncoding = 4; lastKnownFileType = sourcecode.c.objc; name = PCCSearchResultsViewController.m; path = "Purdue Course Catcher/View Controllers/PCCSearchResultsViewController.m"; sourceTree = "<group>"; };
		FE50FF16185E9F190084ED32 /* PCCSideMenuViewController.h */ = {isa = PBXFileReference; fileEncoding = 4; lastKnownFileType = sourcecode.c.h; path = PCCSideMenuViewController.h; sourceTree = "<group>"; };
		FE50FF17185E9F190084ED32 /* PCCSideMenuViewController.m */ = {isa = PBXFileReference; fileEncoding = 4; lastKnownFileType = sourcecode.c.objc; path = PCCSideMenuViewController.m; sourceTree = "<group>"; };
		FE5530D8184D3C4900D13587 /* Purdue Course Catcher.app */ = {isa = PBXFileReference; explicitFileType = wrapper.application; includeInIndex = 0; path = "Purdue Course Catcher.app"; sourceTree = BUILT_PRODUCTS_DIR; };
		FE5530DB184D3C4900D13587 /* Foundation.framework */ = {isa = PBXFileReference; lastKnownFileType = wrapper.framework; name = Foundation.framework; path = System/Library/Frameworks/Foundation.framework; sourceTree = SDKROOT; };
		FE5530DD184D3C4900D13587 /* CoreGraphics.framework */ = {isa = PBXFileReference; lastKnownFileType = wrapper.framework; name = CoreGraphics.framework; path = System/Library/Frameworks/CoreGraphics.framework; sourceTree = SDKROOT; };
		FE5530DF184D3C4900D13587 /* UIKit.framework */ = {isa = PBXFileReference; lastKnownFileType = wrapper.framework; name = UIKit.framework; path = System/Library/Frameworks/UIKit.framework; sourceTree = SDKROOT; };
		FE5530E3184D3C4900D13587 /* Purdue Course Catcher-Info.plist */ = {isa = PBXFileReference; lastKnownFileType = text.plist.xml; path = "Purdue Course Catcher-Info.plist"; sourceTree = "<group>"; };
		FE5530E5184D3C4900D13587 /* en */ = {isa = PBXFileReference; lastKnownFileType = text.plist.strings; name = en; path = en.lproj/InfoPlist.strings; sourceTree = "<group>"; };
		FE5530E7184D3C4900D13587 /* main.m */ = {isa = PBXFileReference; lastKnownFileType = sourcecode.c.objc; path = main.m; sourceTree = "<group>"; };
		FE5530E9184D3C4900D13587 /* Purdue Course Catcher-Prefix.pch */ = {isa = PBXFileReference; lastKnownFileType = sourcecode.c.h; path = "Purdue Course Catcher-Prefix.pch"; sourceTree = "<group>"; };
		FE5530EA184D3C4900D13587 /* PCCAppDelegate.h */ = {isa = PBXFileReference; lastKnownFileType = sourcecode.c.h; path = PCCAppDelegate.h; sourceTree = "<group>"; };
		FE5530EB184D3C4900D13587 /* PCCAppDelegate.m */ = {isa = PBXFileReference; lastKnownFileType = sourcecode.c.objc; path = PCCAppDelegate.m; sourceTree = "<group>"; };
		FE5530F3184D3C4900D13587 /* Images.xcassets */ = {isa = PBXFileReference; lastKnownFileType = folder.assetcatalog; path = Images.xcassets; sourceTree = "<group>"; };
		FE5530F9184D3C4900D13587 /* Purdue Course CatcherTests.xctest */ = {isa = PBXFileReference; explicitFileType = wrapper.cfbundle; includeInIndex = 0; path = "Purdue Course CatcherTests.xctest"; sourceTree = BUILT_PRODUCTS_DIR; };
		FE5530FA184D3C4900D13587 /* XCTest.framework */ = {isa = PBXFileReference; lastKnownFileType = wrapper.framework; name = XCTest.framework; path = Library/Frameworks/XCTest.framework; sourceTree = DEVELOPER_DIR; };
		FE553102184D3C4900D13587 /* Purdue Course CatcherTests-Info.plist */ = {isa = PBXFileReference; lastKnownFileType = text.plist.xml; path = "Purdue Course CatcherTests-Info.plist"; sourceTree = "<group>"; };
		FE553104184D3C4900D13587 /* en */ = {isa = PBXFileReference; lastKnownFileType = text.plist.strings; name = en; path = en.lproj/InfoPlist.strings; sourceTree = "<group>"; };
		FE553106184D3C4900D13587 /* Purdue_Course_CatcherTests.m */ = {isa = PBXFileReference; lastKnownFileType = sourcecode.c.objc; path = Purdue_Course_CatcherTests.m; sourceTree = "<group>"; };
		FE553115184D3D9A00D13587 /* PCCScheduleViewController.h */ = {isa = PBXFileReference; fileEncoding = 4; lastKnownFileType = sourcecode.c.h; name = PCCScheduleViewController.h; path = "Purdue Course Catcher/View Controllers/PCCScheduleViewController.h"; sourceTree = "<group>"; };
		FE553116184D3D9A00D13587 /* PCCScheduleViewController.m */ = {isa = PBXFileReference; fileEncoding = 4; lastKnownFileType = sourcecode.c.objc; name = PCCScheduleViewController.m; path = "Purdue Course Catcher/View Controllers/PCCScheduleViewController.m"; sourceTree = "<group>"; };
		FE55311B184D3DF800D13587 /* MainStoryboard.storyboard */ = {isa = PBXFileReference; fileEncoding = 4; lastKnownFileType = file.storyboard; path = MainStoryboard.storyboard; sourceTree = "<group>"; };
		FE55311D184D446A00D13587 /* PCCCatcherViewController.h */ = {isa = PBXFileReference; fileEncoding = 4; lastKnownFileType = sourcecode.c.h; name = PCCCatcherViewController.h; path = "Purdue Course Catcher/View Controllers/PCCCatcherViewController.h"; sourceTree = "<group>"; };
		FE55311E184D446A00D13587 /* PCCCatcherViewController.m */ = {isa = PBXFileReference; fileEncoding = 4; lastKnownFileType = sourcecode.c.objc; name = PCCCatcherViewController.m; path = "Purdue Course Catcher/View Controllers/PCCCatcherViewController.m"; sourceTree = "<group>"; };
		FE553123184D481400D13587 /* PCCMenuViewController.h */ = {isa = PBXFileReference; fileEncoding = 4; lastKnownFileType = sourcecode.c.h; name = PCCMenuViewController.h; path = "Purdue Course Catcher/View Controllers/PCCMenuViewController.h"; sourceTree = "<group>"; };
		FE553124184D481400D13587 /* PCCMenuViewController.m */ = {isa = PBXFileReference; fileEncoding = 4; lastKnownFileType = sourcecode.c.objc; name = PCCMenuViewController.m; path = "Purdue Course Catcher/View Controllers/PCCMenuViewController.m"; sourceTree = "<group>"; };
		FE6BBC991866777600760E7A /* PCCScheduleCell.h */ = {isa = PBXFileReference; fileEncoding = 4; lastKnownFileType = sourcecode.c.h; name = PCCScheduleCell.h; path = "Purdue Course Catcher/Models/Cells/PCCScheduleCell.h"; sourceTree = "<group>"; };
		FE6BBC9A1866777600760E7A /* PCCScheduleCell.m */ = {isa = PBXFileReference; fileEncoding = 4; lastKnownFileType = sourcecode.c.objc; name = PCCScheduleCell.m; path = "Purdue Course Catcher/Models/Cells/PCCScheduleCell.m"; sourceTree = "<group>"; };
		FE6BBC9C1866C10600760E7A /* PCCSettingsViewController.h */ = {isa = PBXFileReference; fileEncoding = 4; lastKnownFileType = sourcecode.c.h; name = PCCSettingsViewController.h; path = "Purdue Course Catcher/View Controllers/PCCSettingsViewController.h"; sourceTree = "<group>"; };
		FE6BBC9D1866C10600760E7A /* PCCSettingsViewController.m */ = {isa = PBXFileReference; fileEncoding = 4; lastKnownFileType = sourcecode.c.objc; name = PCCSettingsViewController.m; path = "Purdue Course Catcher/View Controllers/PCCSettingsViewController.m"; sourceTree = "<group>"; };
		FE6BBC9F1866C74700760E7A /* PCCScheduleHeaderViewController.h */ = {isa = PBXFileReference; fileEncoding = 4; lastKnownFileType = sourcecode.c.h; name = PCCScheduleHeaderViewController.h; path = "Purdue Course Catcher/View Controllers/PCCScheduleHeaderViewController.h"; sourceTree = "<group>"; };
		FE6BBCA01866C74700760E7A /* PCCScheduleHeaderViewController.m */ = {isa = PBXFileReference; fileEncoding = 4; lastKnownFileType = sourcecode.c.objc; name = PCCScheduleHeaderViewController.m; path = "Purdue Course Catcher/View Controllers/PCCScheduleHeaderViewController.m"; sourceTree = "<group>"; };
		FE6BBCA11866C74700760E7A /* PCCScheduleHeaderViewController.xib */ = {isa = PBXFileReference; fileEncoding = 4; lastKnownFileType = file.xib; name = PCCScheduleHeaderViewController.xib; path = "Purdue Course Catcher/View Controllers/PCCScheduleHeaderViewController.xib"; sourceTree = "<group>"; };
		FE6DD97018D54E3500D033FC /* PCCNicknameTableViewCell.h */ = {isa = PBXFileReference; fileEncoding = 4; lastKnownFileType = sourcecode.c.h; name = PCCNicknameTableViewCell.h; path = "Purdue Course Catcher/Cells/PCCNicknameTableViewCell.h"; sourceTree = "<group>"; };
		FE6DD97118D54E3500D033FC /* PCCNicknameTableViewCell.m */ = {isa = PBXFileReference; fileEncoding = 4; lastKnownFileType = sourcecode.c.objc; name = PCCNicknameTableViewCell.m; path = "Purdue Course Catcher/Cells/PCCNicknameTableViewCell.m"; sourceTree = "<group>"; };
		FE6DD97318D5509900D033FC /* PCCNicknameTableViewController.h */ = {isa = PBXFileReference; fileEncoding = 4; lastKnownFileType = sourcecode.c.h; name = PCCNicknameTableViewController.h; path = "Purdue Course Catcher/View Controllers/PCCNicknameTableViewController.h"; sourceTree = "<group>"; };
		FE6DD97418D5509900D033FC /* PCCNicknameTableViewController.m */ = {isa = PBXFileReference; fileEncoding = 4; lastKnownFileType = sourcecode.c.objc; name = PCCNicknameTableViewController.m; path = "Purdue Course Catcher/View Controllers/PCCNicknameTableViewController.m"; sourceTree = "<group>"; };
		FE7386C818D617B7004EA448 /* twitter.jpg */ = {isa = PBXFileReference; lastKnownFileType = image.jpeg; path = twitter.jpg; sourceTree = "<group>"; };
		FE7386C918D617B7004EA448 /* mail.png */ = {isa = PBXFileReference; lastKnownFileType = image.png; path = mail.png; sourceTree = "<group>"; };
		FE7B733E18CE8A0C003D9D11 /* IAPHelper.h */ = {isa = PBXFileReference; fileEncoding = 4; lastKnownFileType = sourcecode.c.h; path = IAPHelper.h; sourceTree = "<group>"; };
		FE7B733F18CE8A0C003D9D11 /* IAPHelper.m */ = {isa = PBXFileReference; fileEncoding = 4; lastKnownFileType = sourcecode.c.objc; path = IAPHelper.m; sourceTree = "<group>"; };
		FE7B734118CE8C0A003D9D11 /* PCCIAPHelper.h */ = {isa = PBXFileReference; fileEncoding = 4; lastKnownFileType = sourcecode.c.h; path = PCCIAPHelper.h; sourceTree = "<group>"; };
		FE7B734218CE8C0A003D9D11 /* PCCIAPHelper.m */ = {isa = PBXFileReference; fileEncoding = 4; lastKnownFileType = sourcecode.c.objc; path = PCCIAPHelper.m; sourceTree = "<group>"; };
		FE7B734618CE8D99003D9D11 /* NSData+Base64.h */ = {isa = PBXFileReference; fileEncoding = 4; lastKnownFileType = sourcecode.c.h; path = "NSData+Base64.h"; sourceTree = "<group>"; };
		FE7B734718CE8D99003D9D11 /* NSData+Base64.m */ = {isa = PBXFileReference; fileEncoding = 4; lastKnownFileType = sourcecode.c.objc; path = "NSData+Base64.m"; sourceTree = "<group>"; };
		FE7B734818CE8D99003D9D11 /* VerificationController.h */ = {isa = PBXFileReference; fileEncoding = 4; lastKnownFileType = sourcecode.c.h; path = VerificationController.h; sourceTree = "<group>"; };
		FE7B734918CE8D99003D9D11 /* VerificationController.m */ = {isa = PBXFileReference; fileEncoding = 4; lastKnownFileType = sourcecode.c.objc; path = VerificationController.m; sourceTree = "<group>"; };
		FE7B734C18CE9746003D9D11 /* PCCStoreViewController.h */ = {isa = PBXFileReference; fileEncoding = 4; lastKnownFileType = sourcecode.c.h; name = PCCStoreViewController.h; path = "Purdue Course Catcher/View Controllers/PCCStoreViewController.h"; sourceTree = "<group>"; };
		FE7B734D18CE9746003D9D11 /* PCCStoreViewController.m */ = {isa = PBXFileReference; fileEncoding = 4; lastKnownFileType = sourcecode.c.objc; name = PCCStoreViewController.m; path = "Purdue Course Catcher/View Controllers/PCCStoreViewController.m"; sourceTree = "<group>"; };
		FE7B734F18CE992F003D9D11 /* PCCSettingsCell.h */ = {isa = PBXFileReference; fileEncoding = 4; lastKnownFileType = sourcecode.c.h; name = PCCSettingsCell.h; path = "Purdue Course Catcher/Cells/PCCSettingsCell.h"; sourceTree = "<group>"; };
		FE7B735018CE992F003D9D11 /* PCCSettingsCell.m */ = {isa = PBXFileReference; fileEncoding = 4; lastKnownFileType = sourcecode.c.objc; name = PCCSettingsCell.m; path = "Purdue Course Catcher/Cells/PCCSettingsCell.m"; sourceTree = "<group>"; };
		FE7B735218CEA370003D9D11 /* bug.png */ = {isa = PBXFileReference; lastKnownFileType = image.png; path = bug.png; sourceTree = "<group>"; };
		FE7B735418CEA3A3003D9D11 /* Debug-Bug-icon.png */ = {isa = PBXFileReference; lastKnownFileType = image.png; path = "Debug-Bug-icon.png"; sourceTree = "<group>"; };
		FE7B735618CEA40E003D9D11 /* info.png */ = {isa = PBXFileReference; lastKnownFileType = image.png; path = info.png; sourceTree = "<group>"; };
		FE7B735818CEA44A003D9D11 /* Ecommerce-Buy-icon.png */ = {isa = PBXFileReference; lastKnownFileType = image.png; path = "Ecommerce-Buy-icon.png"; sourceTree = "<group>"; };
		FE83AEAB18EF8A8A00324E20 /* PCCRatingViewController.h */ = {isa = PBXFileReference; fileEncoding = 4; lastKnownFileType = sourcecode.c.h; name = PCCRatingViewController.h; path = "Purdue Course Catcher/View Controllers/PCCRatingViewController.h"; sourceTree = "<group>"; };
		FE83AEAC18EF8A8A00324E20 /* PCCRatingViewController.m */ = {isa = PBXFileReference; fileEncoding = 4; lastKnownFileType = sourcecode.c.objc; name = PCCRatingViewController.m; path = "Purdue Course Catcher/View Controllers/PCCRatingViewController.m"; sourceTree = "<group>"; };
		FE9628BE185ECF9F00F699B5 /* PCCSearchViewController.h */ = {isa = PBXFileReference; fileEncoding = 4; lastKnownFileType = sourcecode.c.h; name = PCCSearchViewController.h; path = "Purdue Course Catcher/View Controllers/PCCSearchViewController.h"; sourceTree = "<group>"; };
		FE9628BF185ECF9F00F699B5 /* PCCSearchViewController.m */ = {isa = PBXFileReference; fileEncoding = 4; lastKnownFileType = sourcecode.c.objc; name = PCCSearchViewController.m; path = "Purdue Course Catcher/View Controllers/PCCSearchViewController.m"; sourceTree = "<group>"; };
		FE9628C2185ED75200F699B5 /* MyPurdueManager.h */ = {isa = PBXFileReference; fileEncoding = 4; lastKnownFileType = sourcecode.c.h; path = MyPurdueManager.h; sourceTree = "<group>"; };
		FE9628C3185ED75200F699B5 /* MyPurdueManager.m */ = {isa = PBXFileReference; fileEncoding = 4; lastKnownFileType = sourcecode.c.objc; path = MyPurdueManager.m; sourceTree = "<group>"; };
		FE9628C6185ED7D800F699B5 /* Helpers.h */ = {isa = PBXFileReference; fileEncoding = 4; lastKnownFileType = sourcecode.c.h; path = Helpers.h; sourceTree = "<group>"; };
		FE9628C7185ED7D800F699B5 /* Helpers.m */ = {isa = PBXFileReference; fileEncoding = 4; lastKnownFileType = sourcecode.c.objc; path = Helpers.m; sourceTree = "<group>"; };
		FE9628CA185ED9A100F699B5 /* Course.h */ = {isa = PBXFileReference; fileEncoding = 4; lastKnownFileType = sourcecode.c.h; path = Course.h; sourceTree = "<group>"; };
		FE9628CB185ED9A100F699B5 /* Course.m */ = {isa = PBXFileReference; fileEncoding = 4; lastKnownFileType = sourcecode.c.objc; path = Course.m; sourceTree = "<group>"; };
		FE9628CC185ED9A100F699B5 /* PCFClassModel.h */ = {isa = PBXFileReference; fileEncoding = 4; lastKnownFileType = sourcecode.c.h; path = PCFClassModel.h; sourceTree = "<group>"; };
		FE9628CD185ED9A100F699B5 /* PCFClassModel.m */ = {isa = PBXFileReference; fileEncoding = 4; lastKnownFileType = sourcecode.c.objc; path = PCFClassModel.m; sourceTree = "<group>"; };
		FE9628CE185ED9A100F699B5 /* PCCCourseSlots.h */ = {isa = PBXFileReference; fileEncoding = 4; lastKnownFileType = sourcecode.c.h; path = PCCCourseSlots.h; sourceTree = "<group>"; };
		FE9628CF185ED9A100F699B5 /* PCCCourseSlots.m */ = {isa = PBXFileReference; fileEncoding = 4; lastKnownFileType = sourcecode.c.objc; path = PCCCourseSlots.m; sourceTree = "<group>"; };
		FE9628D0185ED9A100F699B5 /* PCCObject.h */ = {isa = PBXFileReference; fileEncoding = 4; lastKnownFileType = sourcecode.c.h; path = PCCObject.h; sourceTree = "<group>"; };
		FE9628D1185ED9A100F699B5 /* PCCObject.m */ = {isa = PBXFileReference; fileEncoding = 4; lastKnownFileType = sourcecode.c.objc; path = PCCObject.m; sourceTree = "<group>"; };
		FE9628D6185ED9D500F699B5 /* PCFNetworkManager.h */ = {isa = PBXFileReference; fileEncoding = 4; lastKnownFileType = sourcecode.c.h; path = PCFNetworkManager.h; sourceTree = "<group>"; };
		FE9628D7185ED9D500F699B5 /* PCFNetworkManager.m */ = {isa = PBXFileReference; fileEncoding = 4; lastKnownFileType = sourcecode.c.objc; path = PCFNetworkManager.m; sourceTree = "<group>"; };
		FE9628D9185EDA1700F699B5 /* Reachability.h */ = {isa = PBXFileReference; fileEncoding = 4; lastKnownFileType = sourcecode.c.h; path = Reachability.h; sourceTree = "<group>"; };
		FE9628DA185EDA1700F699B5 /* Reachability.m */ = {isa = PBXFileReference; fileEncoding = 4; lastKnownFileType = sourcecode.c.objc; path = Reachability.m; sourceTree = "<group>"; };
		FE9628DC185FBCA800F699B5 /* PCCDataManager.h */ = {isa = PBXFileReference; fileEncoding = 4; lastKnownFileType = sourcecode.c.h; path = PCCDataManager.h; sourceTree = "<group>"; };
		FE9628DD185FBCA800F699B5 /* PCCDataManager.m */ = {isa = PBXFileReference; fileEncoding = 4; lastKnownFileType = sourcecode.c.objc; path = PCCDataManager.m; sourceTree = "<group>"; };
		FEA2017118711842009DFE84 /* ADVAnimationController.h */ = {isa = PBXFileReference; fileEncoding = 4; lastKnownFileType = sourcecode.c.h; path = ADVAnimationController.h; sourceTree = "<group>"; };
		FEA2017218711842009DFE84 /* DropAnimationController.h */ = {isa = PBXFileReference; fileEncoding = 4; lastKnownFileType = sourcecode.c.h; path = DropAnimationController.h; sourceTree = "<group>"; };
		FEA2017318711842009DFE84 /* DropAnimationController.m */ = {isa = PBXFileReference; fileEncoding = 4; lastKnownFileType = sourcecode.c.objc; path = DropAnimationController.m; sourceTree = "<group>"; };
		FEA2017418711842009DFE84 /* ZoomAnimationController.h */ = {isa = PBXFileReference; fileEncoding = 4; lastKnownFileType = sourcecode.c.h; path = ZoomAnimationController.h; sourceTree = "<group>"; };
		FEA2017518711842009DFE84 /* ZoomAnimationController.m */ = {isa = PBXFileReference; fileEncoding = 4; lastKnownFileType = sourcecode.c.objc; path = ZoomAnimationController.m; sourceTree = "<group>"; };
		FEA2017B1873AE4D009DFE84 /* UIView+Animations.h */ = {isa = PBXFileReference; fileEncoding = 4; lastKnownFileType = sourcecode.c.h; name = "UIView+Animations.h"; path = "Purdue Course Catcher/Categories/UIView+Animations.h"; sourceTree = "<group>"; };
		FEA2017C1873AE4D009DFE84 /* UIView+Animations.m */ = {isa = PBXFileReference; fileEncoding = 4; lastKnownFileType = sourcecode.c.objc; name = "UIView+Animations.m"; path = "Purdue Course Catcher/Categories/UIView+Animations.m"; sourceTree = "<group>"; };
		FEAE7FA01897530F001FBC09 /* Ps-x-button.png */ = {isa = PBXFileReference; lastKnownFileType = image.png; path = "Ps-x-button.png"; sourceTree = "<group>"; };
		FEAE7FA218976075001FBC09 /* PCCRegistrationStatusViewViewController.h */ = {isa = PBXFileReference; fileEncoding = 4; lastKnownFileType = sourcecode.c.h; name = PCCRegistrationStatusViewViewController.h; path = "Purdue Course Catcher/View Controllers/PCCRegistrationStatusViewViewController.h"; sourceTree = "<group>"; };
		FEAE7FA318976075001FBC09 /* PCCRegistrationStatusViewViewController.m */ = {isa = PBXFileReference; fileEncoding = 4; lastKnownFileType = sourcecode.c.objc; name = PCCRegistrationStatusViewViewController.m; path = "Purdue Course Catcher/View Controllers/PCCRegistrationStatusViewViewController.m"; sourceTree = "<group>"; };
		FEB4D5CE1890EE4600386C86 /* PCCRegistrationCell.h */ = {isa = PBXFileReference; fileEncoding = 4; lastKnownFileType = sourcecode.c.h; name = PCCRegistrationCell.h; path = "Purdue Course Catcher/Cells/PCCRegistrationCell.h"; sourceTree = "<group>"; };
		FEB4D5CF1890EE4600386C86 /* PCCRegistrationCell.m */ = {isa = PBXFileReference; fileEncoding = 4; lastKnownFileType = sourcecode.c.objc; name = PCCRegistrationCell.m; path = "Purdue Course Catcher/Cells/PCCRegistrationCell.m"; sourceTree = "<group>"; };
		FEB638F318CFEF720066F982 /* cart.png */ = {isa = PBXFileReference; lastKnownFileType = image.png; path = cart.png; sourceTree = "<group>"; };
		FEB638F418CFEF720066F982 /* down_arrow.png */ = {isa = PBXFileReference; lastKnownFileType = image.png; path = down_arrow.png; sourceTree = "<group>"; };
		FEB638F718D000F00066F982 /* PCCPurchaseViewController.h */ = {isa = PBXFileReference; fileEncoding = 4; lastKnownFileType = sourcecode.c.h; name = PCCPurchaseViewController.h; path = "Purdue Course Catcher/View Controllers/PCCPurchaseViewController.h"; sourceTree = "<group>"; };
		FEB638F818D000F00066F982 /* PCCPurchaseViewController.m */ = {isa = PBXFileReference; fileEncoding = 4; lastKnownFileType = sourcecode.c.objc; name = PCCPurchaseViewController.m; path = "Purdue Course Catcher/View Controllers/PCCPurchaseViewController.m"; sourceTree = "<group>"; };
		FEB99654188DABFE0017C552 /* PCCHeaderViewController.h */ = {isa = PBXFileReference; fileEncoding = 4; lastKnownFileType = sourcecode.c.h; name = PCCHeaderViewController.h; path = "Purdue Course Catcher/View Controllers/PCCHeaderViewController.h"; sourceTree = "<group>"; };
		FEB99655188DABFE0017C552 /* PCCHeaderViewController.m */ = {isa = PBXFileReference; fileEncoding = 4; lastKnownFileType = sourcecode.c.objc; name = PCCHeaderViewController.m; path = "Purdue Course Catcher/View Controllers/PCCHeaderViewController.m"; sourceTree = "<group>"; };
		FEB99656188DABFE0017C552 /* PCCHeaderViewController.xib */ = {isa = PBXFileReference; fileEncoding = 4; lastKnownFileType = file.xib; name = PCCHeaderViewController.xib; path = "Purdue Course Catcher/View Controllers/PCCHeaderViewController.xib"; sourceTree = "<group>"; };
		FEB9965A188DFDCB0017C552 /* PCCRegistrationViewController.h */ = {isa = PBXFileReference; fileEncoding = 4; lastKnownFileType = sourcecode.c.h; name = PCCRegistrationViewController.h; path = "Purdue Course Catcher/View Controllers/PCCRegistrationViewController.h"; sourceTree = "<group>"; };
		FEB9965B188DFDCB0017C552 /* PCCRegistrationViewController.m */ = {isa = PBXFileReference; fileEncoding = 4; lastKnownFileType = sourcecode.c.objc; name = PCCRegistrationViewController.m; path = "Purdue Course Catcher/View Controllers/PCCRegistrationViewController.m"; sourceTree = "<group>"; };
		FEB9965F188F563F0017C552 /* failure.png */ = {isa = PBXFileReference; lastKnownFileType = image.png; path = failure.png; sourceTree = "<group>"; };
		FEBC7082188258BE00BCF873 /* PCCCatcherCell.h */ = {isa = PBXFileReference; fileEncoding = 4; lastKnownFileType = sourcecode.c.h; name = PCCCatcherCell.h; path = "Purdue Course Catcher/Cells/PCCCatcherCell.h"; sourceTree = "<group>"; };
		FEBC7083188258BE00BCF873 /* PCCCatcherCell.m */ = {isa = PBXFileReference; fileEncoding = 4; lastKnownFileType = sourcecode.c.objc; name = PCCCatcherCell.m; path = "Purdue Course Catcher/Cells/PCCCatcherCell.m"; sourceTree = "<group>"; };
		FED58A261890647A001991F2 /* PCCRegistrationDropCell.h */ = {isa = PBXFileReference; fileEncoding = 4; lastKnownFileType = sourcecode.c.h; name = PCCRegistrationDropCell.h; path = "Purdue Course Catcher/Cells/PCCRegistrationDropCell.h"; sourceTree = "<group>"; };
		FED58A271890647A001991F2 /* PCCRegistrationDropCell.m */ = {isa = PBXFileReference; fileEncoding = 4; lastKnownFileType = sourcecode.c.objc; name = PCCRegistrationDropCell.m; path = "Purdue Course Catcher/Cells/PCCRegistrationDropCell.m"; sourceTree = "<group>"; };
		FED58A2A18908DF8001991F2 /* add.png */ = {isa = PBXFileReference; lastKnownFileType = image.png; path = add.png; sourceTree = "<group>"; };
		FED58A2C1890C375001991F2 /* PCCRegistrationAddCell.h */ = {isa = PBXFileReference; fileEncoding = 4; lastKnownFileType = sourcecode.c.h; path = PCCRegistrationAddCell.h; sourceTree = "<group>"; };
		FED58A2D1890C375001991F2 /* PCCRegistrationAddCell.m */ = {isa = PBXFileReference; fileEncoding = 4; lastKnownFileType = sourcecode.c.objc; path = PCCRegistrationAddCell.m; sourceTree = "<group>"; };
		FED58A2F1890D1FD001991F2 /* PCCRegistrationBasketViewController.h */ = {isa = PBXFileReference; fileEncoding = 4; lastKnownFileType = sourcecode.c.h; name = PCCRegistrationBasketViewController.h; path = "Purdue Course Catcher/View Controllers/Registration Basket/PCCRegistrationBasketViewController.h"; sourceTree = "<group>"; };
		FED58A301890D1FD001991F2 /* PCCRegistrationBasketViewController.m */ = {isa = PBXFileReference; fileEncoding = 4; lastKnownFileType = sourcecode.c.objc; name = PCCRegistrationBasketViewController.m; path = "Purdue Course Catcher/View Controllers/Registration Basket/PCCRegistrationBasketViewController.m"; sourceTree = "<group>"; };
		FED58A351890D76F001991F2 /* shopping-basket.png */ = {isa = PBXFileReference; lastKnownFileType = image.png; path = "shopping-basket.png"; sourceTree = "<group>"; };
		FED58A371890D91E001991F2 /* basket.png */ = {isa = PBXFileReference; lastKnownFileType = image.png; name = basket.png; path = "Purdue Course Catcher/View Controllers/Registration Basket/basket.png"; sourceTree = "<group>"; };
		FED58A381890D91E001991F2 /* left_handle.png */ = {isa = PBXFileReference; lastKnownFileType = image.png; name = left_handle.png; path = "Purdue Course Catcher/View Controllers/Registration Basket/left_handle.png"; sourceTree = "<group>"; };
		FED58A391890D91E001991F2 /* right_side.png */ = {isa = PBXFileReference; lastKnownFileType = image.png; name = right_side.png; path = "Purdue Course Catcher/View Controllers/Registration Basket/right_side.png"; sourceTree = "<group>"; };
		FED58A3D1890E3B8001991F2 /* PCCLinkedSectionViewController.h */ = {isa = PBXFileReference; fileEncoding = 4; lastKnownFileType = sourcecode.c.h; name = PCCLinkedSectionViewController.h; path = "Purdue Course Catcher/View Controllers/PCCLinkedSection/PCCLinkedSectionViewController.h"; sourceTree = "<group>"; };
		FED58A3E1890E3B8001991F2 /* PCCLinkedSectionViewController.m */ = {isa = PBXFileReference; fileEncoding = 4; lastKnownFileType = sourcecode.c.objc; name = PCCLinkedSectionViewController.m; path = "Purdue Course Catcher/View Controllers/PCCLinkedSection/PCCLinkedSectionViewController.m"; sourceTree = "<group>"; };
		FEE57193186A4E4A00FE8FA8 /* EGORefreshTableHeaderView.h */ = {isa = PBXFileReference; fileEncoding = 4; lastKnownFileType = sourcecode.c.h; path = EGORefreshTableHeaderView.h; sourceTree = "<group>"; };
		FEE57194186A4E4A00FE8FA8 /* EGORefreshTableHeaderView.m */ = {isa = PBXFileReference; fileEncoding = 4; lastKnownFileType = sourcecode.c.objc; path = EGORefreshTableHeaderView.m; sourceTree = "<group>"; };
		FEE57196186A4E4A00FE8FA8 /* blackArrow.png */ = {isa = PBXFileReference; lastKnownFileType = image.png; path = blackArrow.png; sourceTree = "<group>"; };
		FEE57197186A4E4A00FE8FA8 /* blackArrow@2x.png */ = {isa = PBXFileReference; lastKnownFileType = image.png; path = "blackArrow@2x.png"; sourceTree = "<group>"; };
		FEE57198186A4E4A00FE8FA8 /* blueArrow.png */ = {isa = PBXFileReference; lastKnownFileType = image.png; path = blueArrow.png; sourceTree = "<group>"; };
		FEE57199186A4E4A00FE8FA8 /* blueArrow@2x.png */ = {isa = PBXFileReference; lastKnownFileType = image.png; path = "blueArrow@2x.png"; sourceTree = "<group>"; };
		FEE5719A186A4E4A00FE8FA8 /* grayArrow.png */ = {isa = PBXFileReference; lastKnownFileType = image.png; path = grayArrow.png; sourceTree = "<group>"; };
		FEE5719B186A4E4A00FE8FA8 /* grayArrow@2x.png */ = {isa = PBXFileReference; lastKnownFileType = image.png; path = "grayArrow@2x.png"; sourceTree = "<group>"; };
		FEE5719C186A4E4A00FE8FA8 /* whiteArrow.png */ = {isa = PBXFileReference; lastKnownFileType = image.png; path = whiteArrow.png; sourceTree = "<group>"; };
		FEE5719D186A4E4A00FE8FA8 /* whiteArrow@2x.png */ = {isa = PBXFileReference; lastKnownFileType = image.png; path = "whiteArrow@2x.png"; sourceTree = "<group>"; };
		FEE571A7186D00B700FE8FA8 /* PCFAutoCompleteTextField.h */ = {isa = PBXFileReference; fileEncoding = 4; lastKnownFileType = sourcecode.c.h; path = PCFAutoCompleteTextField.h; sourceTree = "<group>"; };
		FEE571A8186D00B700FE8FA8 /* PCFAutoCompleteTextField.m */ = {isa = PBXFileReference; fileEncoding = 4; lastKnownFileType = sourcecode.c.objc; path = PCFAutoCompleteTextField.m; sourceTree = "<group>"; };
		FEE89B8818CEB3D60026AB5F /* PCCStoreCell.h */ = {isa = PBXFileReference; fileEncoding = 4; lastKnownFileType = sourcecode.c.h; name = PCCStoreCell.h; path = "Purdue Course Catcher/Cells/PCCStoreCell.h"; sourceTree = "<group>"; };
		FEE89B8918CEB3D60026AB5F /* PCCStoreCell.m */ = {isa = PBXFileReference; fileEncoding = 4; lastKnownFileType = sourcecode.c.objc; name = PCCStoreCell.m; path = "Purdue Course Catcher/Cells/PCCStoreCell.m"; sourceTree = "<group>"; };
		FEE89B8B18CEE4D30026AB5F /* StoreKit.framework */ = {isa = PBXFileReference; lastKnownFileType = wrapper.framework; name = StoreKit.framework; path = System/Library/Frameworks/StoreKit.framework; sourceTree = SDKROOT; };
/* End PBXFileReference section */

/* Begin PBXFrameworksBuildPhase section */
		FE5530D5184D3C4900D13587 /* Frameworks */ = {
			isa = PBXFrameworksBuildPhase;
			buildActionMask = 2147483647;
			files = (
				FE40F73918A0EAE700612AD0 /* FacebookSDK.framework in Frameworks */,
				FE5530DE184D3C4900D13587 /* CoreGraphics.framework in Frameworks */,
				FEE89B8C18CEE4D30026AB5F /* StoreKit.framework in Frameworks */,
				FE5530E0184D3C4900D13587 /* UIKit.framework in Frameworks */,
				FE5530DC184D3C4900D13587 /* Foundation.framework in Frameworks */,
			);
			runOnlyForDeploymentPostprocessing = 0;
		};
		FE5530F6184D3C4900D13587 /* Frameworks */ = {
			isa = PBXFrameworksBuildPhase;
			buildActionMask = 2147483647;
			files = (
				FE5530FB184D3C4900D13587 /* XCTest.framework in Frameworks */,
				FE5530FD184D3C4900D13587 /* UIKit.framework in Frameworks */,
				FE5530FC184D3C4900D13587 /* Foundation.framework in Frameworks */,
			);
			runOnlyForDeploymentPostprocessing = 0;
		};
/* End PBXFrameworksBuildPhase section */

/* Begin PBXGroup section */
		FE24104B1873C6B000AA6328 /* Icons */ = {
			isa = PBXGroup;
			children = (
				FE24104C1873C6B000AA6328 /* icon-error.png */,
				FE24104D1873C6B000AA6328 /* icon-error@2x.png */,
				FE24104E1873C6B000AA6328 /* icon-info.png */,
				FE24104F1873C6B000AA6328 /* icon-info@2x.png */,
				FE2410501873C6B000AA6328 /* icon-success.png */,
				FE2410511873C6B000AA6328 /* icon-success@2x.png */,
			);
			path = Icons;
			sourceTree = "<group>";
		};
		FE24105B1873C6B600AA6328 /* TWMessageBarManager */ = {
			isa = PBXGroup;
			children = (
				FE24104B1873C6B000AA6328 /* Icons */,
				FE2410521873C6B000AA6328 /* TWMessageBarManager.h */,
				FE2410531873C6B000AA6328 /* TWMessageBarManager.m */,
			);
			name = TWMessageBarManager;
			sourceTree = "<group>";
		};
		FE24107918753C5F00AA6328 /* Catalog View Controller */ = {
			isa = PBXGroup;
			children = (
				FE24107418753C5600AA6328 /* PCCCatalogViewController.h */,
				FE24107518753C5600AA6328 /* PCCCatalogViewController.m */,
				FE24107618753C5600AA6328 /* PCCCatalogViewController.xib */,
			);
			name = "Catalog View Controller";
			sourceTree = "<group>";
		};
		FE24107F187543EE00AA6328 /* PCCHUDView */ = {
			isa = PBXGroup;
			children = (
				FEAE7FA01897530F001FBC09 /* Ps-x-button.png */,
				FEB9965F188F563F0017C552 /* failure.png */,
				FE24FFDC187E0B57004D540E /* checkmark.png */,
				FE24FFDD187E0B57004D540E /* checkmark@2x.png */,
				FE24107D187540B600AA6328 /* PCCHUDView.xib */,
				FE24107A1875409900AA6328 /* PCCHUDView.h */,
				FE24107B1875409900AA6328 /* PCCHUDView.m */,
				FE241080187545A400AA6328 /* PCCHUDManager.h */,
				FE241081187545A400AA6328 /* PCCHUDManager.m */,
			);
			name = PCCHUDView;
			path = ../..;
			sourceTree = "<group>";
		};
		FE24108918754A2600AA6328 /* Lightbox Manager */ = {
			isa = PBXGroup;
			children = (
				FE24108618754A2200AA6328 /* KPLightBoxManager.h */,
				FE24108718754A2200AA6328 /* KPLightBoxManager.m */,
			);
			name = "Lightbox Manager";
			sourceTree = "<group>";
		};
		FE24FFD8187DF287004D540E /* FTUE */ = {
			isa = PBXGroup;
			children = (
				FE24FFD3187DF27E004D540E /* PCCFTUEViewController.h */,
				FE24FFD4187DF27E004D540E /* PCCFTUEViewController.m */,
				FE24FFD5187DF27E004D540E /* PCCFTUEViewController.xib */,
				FE24FFD9187E0622004D540E /* PCCScrollView.h */,
				FE24FFDA187E0622004D540E /* PCCScrollView.m */,
			);
			name = FTUE;
			sourceTree = "<group>";
		};
		FE50C5101870986300EF24BA /* Cells */ = {
			isa = PBXGroup;
			children = (
				FE6BBC991866777600760E7A /* PCCScheduleCell.h */,
				FE6BBC9A1866777600760E7A /* PCCScheduleCell.m */,
				FE50C5111870989A00EF24BA /* PCCEmptyCell.h */,
				FE50C5121870989A00EF24BA /* PCCEmptyCell.m */,
				FE50C5141870B3FC00EF24BA /* PCCSearchResultsCell.h */,
				FE50C5151870B3FC00EF24BA /* PCCSearchResultsCell.m */,
				FEBC7082188258BE00BCF873 /* PCCCatcherCell.h */,
				FEBC7083188258BE00BCF873 /* PCCCatcherCell.m */,
				FED58A261890647A001991F2 /* PCCRegistrationDropCell.h */,
				FED58A271890647A001991F2 /* PCCRegistrationDropCell.m */,
				FED58A2C1890C375001991F2 /* PCCRegistrationAddCell.h */,
				FED58A2D1890C375001991F2 /* PCCRegistrationAddCell.m */,
				FEB4D5CE1890EE4600386C86 /* PCCRegistrationCell.h */,
				FEB4D5CF1890EE4600386C86 /* PCCRegistrationCell.m */,
				FE7B734F18CE992F003D9D11 /* PCCSettingsCell.h */,
				FE7B735018CE992F003D9D11 /* PCCSettingsCell.m */,
				FEE89B8818CEB3D60026AB5F /* PCCStoreCell.h */,
				FEE89B8918CEB3D60026AB5F /* PCCStoreCell.m */,
				FE6DD97018D54E3500D033FC /* PCCNicknameTableViewCell.h */,
				FE6DD97118D54E3500D033FC /* PCCNicknameTableViewCell.m */,
				FE2744F81900711C007088D6 /* PCCCourseRatingsCell.h */,
				FE2744F91900711C007088D6 /* PCCourseRatingsCell.m */,
				FE2744FB190071CD007088D6 /* PCCProfessorRatingsCell.h */,
				FE2744FC190071CD007088D6 /* PCCProfessorRatingsCell.m */,
			);
			name = Cells;
			sourceTree = "<group>";
		};
		FE50C51A1870C2F600EF24BA /* Segue */ = {
			isa = PBXGroup;
			children = (
			);
			name = Segue;
			sourceTree = "<group>";
		};
		FE5530CF184D3C4900D13587 = {
			isa = PBXGroup;
			children = (
				FE50C5101870986300EF24BA /* Cells */,
				FED58A2918908DDE001991F2 /* Assets */,
				FEA2017018711732009DFE84 /* Transitions */,
				FE50C51A1870C2F600EF24BA /* Segue */,
				FE9628C9185ED9A100F699B5 /* Models */,
				FE9628C5185ED7D800F699B5 /* Convenience */,
				FE9628C1185ED75200F699B5 /* Managers */,
				FE55311B184D3DF800D13587 /* MainStoryboard.storyboard */,
				FE55311A184D3DA900D13587 /* View Controllers */,
				FE5530E1184D3C4900D13587 /* Purdue Course Catcher */,
				FE553100184D3C4900D13587 /* Purdue Course CatcherTests */,
				FE5530DA184D3C4900D13587 /* Frameworks */,
				FE5530D9184D3C4900D13587 /* Products */,
			);
			sourceTree = "<group>";
		};
		FE5530D9184D3C4900D13587 /* Products */ = {
			isa = PBXGroup;
			children = (
				FE5530D8184D3C4900D13587 /* Purdue Course Catcher.app */,
				FE5530F9184D3C4900D13587 /* Purdue Course CatcherTests.xctest */,
			);
			name = Products;
			sourceTree = "<group>";
		};
		FE5530DA184D3C4900D13587 /* Frameworks */ = {
			isa = PBXGroup;
			children = (
				FEE89B8B18CEE4D30026AB5F /* StoreKit.framework */,
				FE40F73818A0EAE700612AD0 /* FacebookSDK.framework */,
				FE5530DB184D3C4900D13587 /* Foundation.framework */,
				FE5530DD184D3C4900D13587 /* CoreGraphics.framework */,
				FE5530DF184D3C4900D13587 /* UIKit.framework */,
				FE5530FA184D3C4900D13587 /* XCTest.framework */,
			);
			name = Frameworks;
			sourceTree = "<group>";
		};
		FE5530E1184D3C4900D13587 /* Purdue Course Catcher */ = {
			isa = PBXGroup;
			children = (
				FE5530EA184D3C4900D13587 /* PCCAppDelegate.h */,
				FE5530EB184D3C4900D13587 /* PCCAppDelegate.m */,
				FE5530F3184D3C4900D13587 /* Images.xcassets */,
				FE5530E2184D3C4900D13587 /* Supporting Files */,
			);
			path = "Purdue Course Catcher";
			sourceTree = "<group>";
		};
		FE5530E2184D3C4900D13587 /* Supporting Files */ = {
			isa = PBXGroup;
			children = (
				FE5530E3184D3C4900D13587 /* Purdue Course Catcher-Info.plist */,
				FE5530E4184D3C4900D13587 /* InfoPlist.strings */,
				FE5530E7184D3C4900D13587 /* main.m */,
				FE5530E9184D3C4900D13587 /* Purdue Course Catcher-Prefix.pch */,
			);
			name = "Supporting Files";
			sourceTree = "<group>";
		};
		FE553100184D3C4900D13587 /* Purdue Course CatcherTests */ = {
			isa = PBXGroup;
			children = (
				FE553106184D3C4900D13587 /* Purdue_Course_CatcherTests.m */,
				FE553101184D3C4900D13587 /* Supporting Files */,
			);
			path = "Purdue Course CatcherTests";
			sourceTree = "<group>";
		};
		FE553101184D3C4900D13587 /* Supporting Files */ = {
			isa = PBXGroup;
			children = (
				FE553102184D3C4900D13587 /* Purdue Course CatcherTests-Info.plist */,
				FE553103184D3C4900D13587 /* InfoPlist.strings */,
			);
			name = "Supporting Files";
			sourceTree = "<group>";
		};
		FE55311A184D3DA900D13587 /* View Controllers */ = {
			isa = PBXGroup;
			children = (
				FE24FFE3187E5F2F004D540E /* PCCFacebookLoginViewController.h */,
				FE24FFE4187E5F2F004D540E /* PCCFacebookLoginViewController.m */,
				FE24FFE0187E1974004D540E /* PCCPurdueLoginViewController.h */,
				FE24FFE1187E1974004D540E /* PCCPurdueLoginViewController.m */,
				FE553115184D3D9A00D13587 /* PCCScheduleViewController.h */,
				FE553116184D3D9A00D13587 /* PCCScheduleViewController.m */,
				FE55311D184D446A00D13587 /* PCCCatcherViewController.h */,
				FE55311E184D446A00D13587 /* PCCCatcherViewController.m */,
				FE50FF16185E9F190084ED32 /* PCCSideMenuViewController.h */,
				FE50FF17185E9F190084ED32 /* PCCSideMenuViewController.m */,
				FE9628BE185ECF9F00F699B5 /* PCCSearchViewController.h */,
				FE9628BF185ECF9F00F699B5 /* PCCSearchViewController.m */,
				FE553123184D481400D13587 /* PCCMenuViewController.h */,
				FE553124184D481400D13587 /* PCCMenuViewController.m */,
				FE6BBC9C1866C10600760E7A /* PCCSettingsViewController.h */,
				FE6BBC9D1866C10600760E7A /* PCCSettingsViewController.m */,
				FE50C5171870BBFB00EF24BA /* PCCSearchResultsViewController.h */,
				FE50C5181870BBFB00EF24BA /* PCCSearchResultsViewController.m */,
				FE18308D188AF90C00EC68FC /* PCCTermViewController.h */,
				FE18308E188AF90C00EC68FC /* PCCTermViewController.m */,
				FEB9965A188DFDCB0017C552 /* PCCRegistrationViewController.h */,
				FEB9965B188DFDCB0017C552 /* PCCRegistrationViewController.m */,
				FEAE7FA218976075001FBC09 /* PCCRegistrationStatusViewViewController.h */,
				FEAE7FA318976075001FBC09 /* PCCRegistrationStatusViewViewController.m */,
				FE7B734C18CE9746003D9D11 /* PCCStoreViewController.h */,
				FE7B734D18CE9746003D9D11 /* PCCStoreViewController.m */,
				FEB638F718D000F00066F982 /* PCCPurchaseViewController.h */,
				FEB638F818D000F00066F982 /* PCCPurchaseViewController.m */,
				FE6BBCA41866C74C00760E7A /* Schedule Header */,
				FE24107918753C5F00AA6328 /* Catalog View Controller */,
				FE24FFD8187DF287004D540E /* FTUE */,
				FEB99659188DAC030017C552 /* Registration Header */,
				FED58A321890D3E9001991F2 /* Registration Basket */,
				FED58A421890E3BC001991F2 /* Linked Section */,
				FE6DD97318D5509900D033FC /* PCCNicknameTableViewController.h */,
				FE6DD97418D5509900D033FC /* PCCNicknameTableViewController.m */,
				FE50C2DC18E7C39200C82363 /* PCCTabBarController.h */,
				FE50C2DD18E7C39200C82363 /* PCCTabBarController.m */,
				FE83AEAB18EF8A8A00324E20 /* PCCRatingViewController.h */,
				FE83AEAC18EF8A8A00324E20 /* PCCRatingViewController.m */,
			);
			name = "View Controllers";
			sourceTree = "<group>";
		};
		FE6BBCA41866C74C00760E7A /* Schedule Header */ = {
			isa = PBXGroup;
			children = (
				FE6BBC9F1866C74700760E7A /* PCCScheduleHeaderViewController.h */,
				FE6BBCA01866C74700760E7A /* PCCScheduleHeaderViewController.m */,
				FE6BBCA11866C74700760E7A /* PCCScheduleHeaderViewController.xib */,
			);
			name = "Schedule Header";
			sourceTree = "<group>";
		};
		FE7B734418CE8C13003D9D11 /* IAP */ = {
			isa = PBXGroup;
			children = (
				FE7B734518CE8D99003D9D11 /* VerificationController */,
				FE7B734118CE8C0A003D9D11 /* PCCIAPHelper.h */,
				FE7B734218CE8C0A003D9D11 /* PCCIAPHelper.m */,
				FE7B733E18CE8A0C003D9D11 /* IAPHelper.h */,
				FE7B733F18CE8A0C003D9D11 /* IAPHelper.m */,
			);
			name = IAP;
			sourceTree = "<group>";
		};
		FE7B734518CE8D99003D9D11 /* VerificationController */ = {
			isa = PBXGroup;
			children = (
				FE7B734618CE8D99003D9D11 /* NSData+Base64.h */,
				FE7B734718CE8D99003D9D11 /* NSData+Base64.m */,
				FE7B734818CE8D99003D9D11 /* VerificationController.h */,
				FE7B734918CE8D99003D9D11 /* VerificationController.m */,
			);
			path = VerificationController;
			sourceTree = "<group>";
		};
		FE9628C1185ED75200F699B5 /* Managers */ = {
			isa = PBXGroup;
			children = (
				FE9628D6185ED9D500F699B5 /* PCFNetworkManager.h */,
				FE9628D7185ED9D500F699B5 /* PCFNetworkManager.m */,
				FE9628C2185ED75200F699B5 /* MyPurdueManager.h */,
				FE9628C3185ED75200F699B5 /* MyPurdueManager.m */,
				FE9628DC185FBCA800F699B5 /* PCCDataManager.h */,
				FE9628DD185FBCA800F699B5 /* PCCDataManager.m */,
			);
			name = Managers;
			path = "Purdue Course Catcher/Managers";
			sourceTree = "<group>";
		};
		FE9628C5185ED7D800F699B5 /* Convenience */ = {
			isa = PBXGroup;
			children = (
				FE7B734418CE8C13003D9D11 /* IAP */,
				FE9628C6185ED7D800F699B5 /* Helpers.h */,
				FE9628C7185ED7D800F699B5 /* Helpers.m */,
				FE9628D9185EDA1700F699B5 /* Reachability.h */,
				FE9628DA185EDA1700F699B5 /* Reachability.m */,
				FE24107F187543EE00AA6328 /* PCCHUDView */,
				FE24105B1873C6B600AA6328 /* TWMessageBarManager */,
				FEE571AA186D00BC00FE8FA8 /* PCFAutoCompleteTextField */,
				FEE57190186A4E4A00FE8FA8 /* EGOTableViewPullRefresh */,
				FE24108918754A2600AA6328 /* Lightbox Manager */,
			);
			name = Convenience;
			path = "Purdue Course Catcher/Convenience";
			sourceTree = "<group>";
		};
		FE9628C9185ED9A100F699B5 /* Models */ = {
			isa = PBXGroup;
			children = (
				FE9628CA185ED9A100F699B5 /* Course.h */,
				FE9628CB185ED9A100F699B5 /* Course.m */,
				FE9628CC185ED9A100F699B5 /* PCFClassModel.h */,
				FE9628CD185ED9A100F699B5 /* PCFClassModel.m */,
				FE9628CE185ED9A100F699B5 /* PCCCourseSlots.h */,
				FE9628CF185ED9A100F699B5 /* PCCCourseSlots.m */,
				FE9628D0185ED9A100F699B5 /* PCCObject.h */,
				FE9628D1185ED9A100F699B5 /* PCCObject.m */,
				FE4D4C491895F0A900A5DBE1 /* PCCRegistrationError.h */,
				FE4D4C4A1895F0A900A5DBE1 /* PCCRegistrationError.m */,
				FE2744FE190378D1007088D6 /* PCCRating.h */,
				FE2744FF190378D1007088D6 /* PCCRating.m */,
				FE274501190379AB007088D6 /* PCCCourseRating.h */,
				FE274502190379AB007088D6 /* PCCCourseRating.m */,
				FE274504190379F0007088D6 /* PCCProfessorRating.h */,
				FE274505190379F0007088D6 /* PCCProfessorRating.m */,
			);
			name = Models;
			path = "Purdue Course Catcher/Models";
			sourceTree = "<group>";
		};
		FEA2017018711732009DFE84 /* Transitions */ = {
			isa = PBXGroup;
			children = (
				FEA2017118711842009DFE84 /* ADVAnimationController.h */,
				FEA2017218711842009DFE84 /* DropAnimationController.h */,
				FEA2017318711842009DFE84 /* DropAnimationController.m */,
				FEA2017418711842009DFE84 /* ZoomAnimationController.h */,
				FEA2017518711842009DFE84 /* ZoomAnimationController.m */,
				FEA2017B1873AE4D009DFE84 /* UIView+Animations.h */,
				FEA2017C1873AE4D009DFE84 /* UIView+Animations.m */,
			);
			name = Transitions;
			sourceTree = "<group>";
		};
		FEB99659188DAC030017C552 /* Registration Header */ = {
			isa = PBXGroup;
			children = (
				FEB99654188DABFE0017C552 /* PCCHeaderViewController.h */,
				FEB99655188DABFE0017C552 /* PCCHeaderViewController.m */,
				FEB99656188DABFE0017C552 /* PCCHeaderViewController.xib */,
			);
			name = "Registration Header";
			sourceTree = "<group>";
		};
		FED58A2918908DDE001991F2 /* Assets */ = {
			isa = PBXGroup;
			children = (
				FE2744EC19006DFF007088D6 /* star-0.png */,
				FE2744ED19006DFF007088D6 /* star-1.png */,
				FE2744EE19006DFF007088D6 /* star-2.png */,
				FE2744EF19006DFF007088D6 /* star-3.png */,
				FE2744F019006DFF007088D6 /* star-4.png */,
				FE2744F119006DFF007088D6 /* star-5.png */,
				FE50C32B18E7FC1F00C82363 /* comments.png */,
				FE50C32918E7FBEA00C82363 /* loupe.png */,
				FE50C32718E7FB8000C82363 /* configuration.png */,
				FE50C32518E7F9CD00C82363 /* student-256.png */,
				FE26BA0A18D7F23300FB1E83 /* bubble.png */,
				FE7386C818D617B7004EA448 /* twitter.jpg */,
				FE7386C918D617B7004EA448 /* mail.png */,
				FEB638F318CFEF720066F982 /* cart.png */,
				FEB638F418CFEF720066F982 /* down_arrow.png */,
				FE7B735818CEA44A003D9D11 /* Ecommerce-Buy-icon.png */,
				FE7B735618CEA40E003D9D11 /* info.png */,
				FE7B735418CEA3A3003D9D11 /* Debug-Bug-icon.png */,
				FE7B735218CEA370003D9D11 /* bug.png */,
				FED58A2A18908DF8001991F2 /* add.png */,
			);
			name = Assets;
			sourceTree = "<group>";
		};
		FED58A321890D3E9001991F2 /* Registration Basket */ = {
			isa = PBXGroup;
			children = (
				FED58A371890D91E001991F2 /* basket.png */,
				FED58A381890D91E001991F2 /* left_handle.png */,
				FED58A391890D91E001991F2 /* right_side.png */,
				FED58A351890D76F001991F2 /* shopping-basket.png */,
				FED58A2F1890D1FD001991F2 /* PCCRegistrationBasketViewController.h */,
				FED58A301890D1FD001991F2 /* PCCRegistrationBasketViewController.m */,
			);
			name = "Registration Basket";
			sourceTree = "<group>";
		};
		FED58A421890E3BC001991F2 /* Linked Section */ = {
			isa = PBXGroup;
			children = (
				FED58A3D1890E3B8001991F2 /* PCCLinkedSectionViewController.h */,
				FED58A3E1890E3B8001991F2 /* PCCLinkedSectionViewController.m */,
			);
			name = "Linked Section";
			sourceTree = "<group>";
		};
		FEE57190186A4E4A00FE8FA8 /* EGOTableViewPullRefresh */ = {
			isa = PBXGroup;
			children = (
				FEE57191186A4E4A00FE8FA8 /* Classes */,
				FEE57195186A4E4A00FE8FA8 /* Resources */,
			);
			name = EGOTableViewPullRefresh;
			path = ../../EGOTableViewPullRefresh;
			sourceTree = "<group>";
		};
		FEE57191186A4E4A00FE8FA8 /* Classes */ = {
			isa = PBXGroup;
			children = (
				FEE57192186A4E4A00FE8FA8 /* View */,
			);
			path = Classes;
			sourceTree = "<group>";
		};
		FEE57192186A4E4A00FE8FA8 /* View */ = {
			isa = PBXGroup;
			children = (
				FEE57193186A4E4A00FE8FA8 /* EGORefreshTableHeaderView.h */,
				FEE57194186A4E4A00FE8FA8 /* EGORefreshTableHeaderView.m */,
			);
			path = View;
			sourceTree = "<group>";
		};
		FEE57195186A4E4A00FE8FA8 /* Resources */ = {
			isa = PBXGroup;
			children = (
				FEE57196186A4E4A00FE8FA8 /* blackArrow.png */,
				FEE57197186A4E4A00FE8FA8 /* blackArrow@2x.png */,
				FEE57198186A4E4A00FE8FA8 /* blueArrow.png */,
				FEE57199186A4E4A00FE8FA8 /* blueArrow@2x.png */,
				FEE5719A186A4E4A00FE8FA8 /* grayArrow.png */,
				FEE5719B186A4E4A00FE8FA8 /* grayArrow@2x.png */,
				FEE5719C186A4E4A00FE8FA8 /* whiteArrow.png */,
				FEE5719D186A4E4A00FE8FA8 /* whiteArrow@2x.png */,
			);
			path = Resources;
			sourceTree = "<group>";
		};
		FEE571AA186D00BC00FE8FA8 /* PCFAutoCompleteTextField */ = {
			isa = PBXGroup;
			children = (
				FEE571A7186D00B700FE8FA8 /* PCFAutoCompleteTextField.h */,
				FEE571A8186D00B700FE8FA8 /* PCFAutoCompleteTextField.m */,
			);
			name = PCFAutoCompleteTextField;
			sourceTree = "<group>";
		};
/* End PBXGroup section */

/* Begin PBXNativeTarget section */
		FE5530D7184D3C4900D13587 /* Purdue Course Catcher */ = {
			isa = PBXNativeTarget;
			buildConfigurationList = FE55310A184D3C4900D13587 /* Build configuration list for PBXNativeTarget "Purdue Course Catcher" */;
			buildPhases = (
				FE5530D4184D3C4900D13587 /* Sources */,
				FE5530D5184D3C4900D13587 /* Frameworks */,
				FE5530D6184D3C4900D13587 /* Resources */,
			);
			buildRules = (
			);
			dependencies = (
			);
			name = "Purdue Course Catcher";
			productName = "Purdue Course Catcher";
			productReference = FE5530D8184D3C4900D13587 /* Purdue Course Catcher.app */;
			productType = "com.apple.product-type.application";
		};
		FE5530F8184D3C4900D13587 /* Purdue Course CatcherTests */ = {
			isa = PBXNativeTarget;
			buildConfigurationList = FE55310D184D3C4900D13587 /* Build configuration list for PBXNativeTarget "Purdue Course CatcherTests" */;
			buildPhases = (
				FE5530F5184D3C4900D13587 /* Sources */,
				FE5530F6184D3C4900D13587 /* Frameworks */,
				FE5530F7184D3C4900D13587 /* Resources */,
			);
			buildRules = (
			);
			dependencies = (
				FE5530FF184D3C4900D13587 /* PBXTargetDependency */,
			);
			name = "Purdue Course CatcherTests";
			productName = "Purdue Course CatcherTests";
			productReference = FE5530F9184D3C4900D13587 /* Purdue Course CatcherTests.xctest */;
			productType = "com.apple.product-type.bundle.unit-test";
		};
/* End PBXNativeTarget section */

/* Begin PBXProject section */
		FE5530D0184D3C4900D13587 /* Project object */ = {
			isa = PBXProject;
			attributes = {
				CLASSPREFIX = PCC;
				LastUpgradeCheck = 0500;
				ORGANIZATIONNAME = "Kamran Pirwani";
				TargetAttributes = {
					FE5530D7184D3C4900D13587 = {
						DevelopmentTeam = 2QPS7688S6;
						SystemCapabilities = {
							com.apple.InAppPurchase = {
								enabled = 1;
							};
						};
					};
					FE5530F8184D3C4900D13587 = {
						TestTargetID = FE5530D7184D3C4900D13587;
					};
				};
			};
			buildConfigurationList = FE5530D3184D3C4900D13587 /* Build configuration list for PBXProject "Purdue Course Catcher" */;
			compatibilityVersion = "Xcode 3.2";
			developmentRegion = English;
			hasScannedForEncodings = 0;
			knownRegions = (
				en,
				Base,
			);
			mainGroup = FE5530CF184D3C4900D13587;
			productRefGroup = FE5530D9184D3C4900D13587 /* Products */;
			projectDirPath = "";
			projectRoot = "";
			targets = (
				FE5530D7184D3C4900D13587 /* Purdue Course Catcher */,
				FE5530F8184D3C4900D13587 /* Purdue Course CatcherTests */,
			);
		};
/* End PBXProject section */

/* Begin PBXResourcesBuildPhase section */
		FE5530D6184D3C4900D13587 /* Resources */ = {
			isa = PBXResourcesBuildPhase;
			buildActionMask = 2147483647;
			files = (
				FED58A3B1890D91E001991F2 /* left_handle.png in Resources */,
				FEE571A3186A4E4A00FE8FA8 /* grayArrow.png in Resources */,
				FEE571A2186A4E4A00FE8FA8 /* blueArrow@2x.png in Resources */,
				FE5530F4184D3C4900D13587 /* Images.xcassets in Resources */,
				FEB99660188F563F0017C552 /* failure.png in Resources */,
				FE2744F419006DFF007088D6 /* star-2.png in Resources */,
				FEAE7FA11897530F001FBC09 /* Ps-x-button.png in Resources */,
				FE50C32A18E7FBEA00C82363 /* loupe.png in Resources */,
				FEE571A5186A4E4A00FE8FA8 /* whiteArrow.png in Resources */,
				FEE571A4186A4E4A00FE8FA8 /* grayArrow@2x.png in Resources */,
				FE50C32818E7FB8000C82363 /* configuration.png in Resources */,
				FE2410591873C6B000AA6328 /* icon-success@2x.png in Resources */,
				FED58A3A1890D91E001991F2 /* basket.png in Resources */,
				FE50C32618E7F9CD00C82363 /* student-256.png in Resources */,
				FE50C32C18E7FC1F00C82363 /* comments.png in Resources */,
				FE24FFD7187DF27E004D540E /* PCCFTUEViewController.xib in Resources */,
				FE5530E6184D3C4900D13587 /* InfoPlist.strings in Resources */,
				FEE571A0186A4E4A00FE8FA8 /* blackArrow@2x.png in Resources */,
				FEE5719F186A4E4A00FE8FA8 /* blackArrow.png in Resources */,
				FE2744F719006DFF007088D6 /* star-5.png in Resources */,
				FE2410551873C6B000AA6328 /* icon-error@2x.png in Resources */,
				FE7386CA18D617B7004EA448 /* twitter.jpg in Resources */,
				FED58A361890D76F001991F2 /* shopping-basket.png in Resources */,
				FEE571A1186A4E4A00FE8FA8 /* blueArrow.png in Resources */,
				FE24FFDE187E0B57004D540E /* checkmark.png in Resources */,
				FE7386CB18D617B7004EA448 /* mail.png in Resources */,
				FE2744F219006DFF007088D6 /* star-0.png in Resources */,
				FE55311C184D3DF800D13587 /* MainStoryboard.storyboard in Resources */,
				FE2410581873C6B000AA6328 /* icon-success.png in Resources */,
				FE24107E187540B600AA6328 /* PCCHUDView.xib in Resources */,
				FE24FFDF187E0B57004D540E /* checkmark@2x.png in Resources */,
				FEB99658188DABFE0017C552 /* PCCHeaderViewController.xib in Resources */,
				FE26BA0B18D7F23300FB1E83 /* bubble.png in Resources */,
				FE2744F319006DFF007088D6 /* star-1.png in Resources */,
				FE7B735718CEA40E003D9D11 /* info.png in Resources */,
				FE2410561873C6B000AA6328 /* icon-info.png in Resources */,
				FE24107818753C5600AA6328 /* PCCCatalogViewController.xib in Resources */,
				FE7B735918CEA44A003D9D11 /* Ecommerce-Buy-icon.png in Resources */,
				FEE571A6186A4E4A00FE8FA8 /* whiteArrow@2x.png in Resources */,
				FE2744F619006DFF007088D6 /* star-4.png in Resources */,
				FE2410541873C6B000AA6328 /* icon-error.png in Resources */,
				FE2744F519006DFF007088D6 /* star-3.png in Resources */,
				FEB638F518CFEF720066F982 /* cart.png in Resources */,
				FE6BBCA31866C74700760E7A /* PCCScheduleHeaderViewController.xib in Resources */,
				FE7B735518CEA3A3003D9D11 /* Debug-Bug-icon.png in Resources */,
				FE2410571873C6B000AA6328 /* icon-info@2x.png in Resources */,
				FE7B735318CEA370003D9D11 /* bug.png in Resources */,
				FEB638F618CFEF720066F982 /* down_arrow.png in Resources */,
				FED58A2B18908DF8001991F2 /* add.png in Resources */,
				FED58A3C1890D91E001991F2 /* right_side.png in Resources */,
			);
			runOnlyForDeploymentPostprocessing = 0;
		};
		FE5530F7184D3C4900D13587 /* Resources */ = {
			isa = PBXResourcesBuildPhase;
			buildActionMask = 2147483647;
			files = (
				FE553105184D3C4900D13587 /* InfoPlist.strings in Resources */,
			);
			runOnlyForDeploymentPostprocessing = 0;
		};
/* End PBXResourcesBuildPhase section */

/* Begin PBXSourcesBuildPhase section */
		FE5530D4184D3C4900D13587 /* Sources */ = {
			isa = PBXSourcesBuildPhase;
			buildActionMask = 2147483647;
			files = (
				FE50C5191870BBFB00EF24BA /* PCCSearchResultsViewController.m in Sources */,
				FE24108818754A2200AA6328 /* KPLightBoxManager.m in Sources */,
				FE9628C0185ECF9F00F699B5 /* PCCSearchViewController.m in Sources */,
				FEAE7FA418976075001FBC09 /* PCCRegistrationStatusViewViewController.m in Sources */,
				FEE89B8A18CEB3D60026AB5F /* PCCStoreCell.m in Sources */,
				FE18308F188AF90C00EC68FC /* PCCTermViewController.m in Sources */,
				FED58A401890E3B8001991F2 /* PCCLinkedSectionViewController.m in Sources */,
				FE24FFD6187DF27E004D540E /* PCCFTUEViewController.m in Sources */,
				FE83AEAD18EF8A8A00324E20 /* PCCRatingViewController.m in Sources */,
				FE4D4C4B1895F0A900A5DBE1 /* PCCRegistrationError.m in Sources */,
				FE55311F184D446A00D13587 /* PCCCatcherViewController.m in Sources */,
				FE50C2DE18E7C39200C82363 /* PCCTabBarController.m in Sources */,
				FE7B734B18CE8D99003D9D11 /* VerificationController.m in Sources */,
				FEB99657188DABFE0017C552 /* PCCHeaderViewController.m in Sources */,
				FE50C5131870989A00EF24BA /* PCCEmptyCell.m in Sources */,
				FED58A311890D1FD001991F2 /* PCCRegistrationBasketViewController.m in Sources */,
				FE24FFE5187E5F2F004D540E /* PCCFacebookLoginViewController.m in Sources */,
				FE24FFE2187E1974004D540E /* PCCPurdueLoginViewController.m in Sources */,
				FE24107718753C5600AA6328 /* PCCCatalogViewController.m in Sources */,
				FE9628C4185ED75200F699B5 /* MyPurdueManager.m in Sources */,
				FED58A281890647A001991F2 /* PCCRegistrationDropCell.m in Sources */,
				FE6BBC9B1866777600760E7A /* PCCScheduleCell.m in Sources */,
				FEBC7084188258BE00BCF873 /* PCCCatcherCell.m in Sources */,
				FEB638F918D000F00066F982 /* PCCPurchaseViewController.m in Sources */,
				FE7B735118CE992F003D9D11 /* PCCSettingsCell.m in Sources */,
				FE6BBC9E1866C10600760E7A /* PCCSettingsViewController.m in Sources */,
				FE9628D5185ED9A100F699B5 /* PCCObject.m in Sources */,
				FE9628DB185EDA1700F699B5 /* Reachability.m in Sources */,
				FE9628D8185ED9D500F699B5 /* PCFNetworkManager.m in Sources */,
				FEA2017618711842009DFE84 /* DropAnimationController.m in Sources */,
				FE9628DE185FBCA800F699B5 /* PCCDataManager.m in Sources */,
				FE5530E8184D3C4900D13587 /* main.m in Sources */,
				FE24105A1873C6B000AA6328 /* TWMessageBarManager.m in Sources */,
				FE7B734A18CE8D99003D9D11 /* NSData+Base64.m in Sources */,
				FE9628D2185ED9A100F699B5 /* Course.m in Sources */,
				FE24107C1875409900AA6328 /* PCCHUDView.m in Sources */,
				FEA2017718711842009DFE84 /* ZoomAnimationController.m in Sources */,
				FE241082187545A400AA6328 /* PCCHUDManager.m in Sources */,
				FE6BBCA21866C74700760E7A /* PCCScheduleHeaderViewController.m in Sources */,
				FEB4D5D01890EE4600386C86 /* PCCRegistrationCell.m in Sources */,
				FEE5719E186A4E4A00FE8FA8 /* EGORefreshTableHeaderView.m in Sources */,
				FE553125184D481400D13587 /* PCCMenuViewController.m in Sources */,
				FE6DD97518D5509900D033FC /* PCCNicknameTableViewController.m in Sources */,
				FE6DD97218D54E3500D033FC /* PCCNicknameTableViewCell.m in Sources */,
				FE24FFDB187E0622004D540E /* PCCScrollView.m in Sources */,
				FE274506190379F0007088D6 /* PCCProfessorRating.m in Sources */,
				FE2744FA1900711C007088D6 /* PCCourseRatingsCell.m in Sources */,
				FE50C5161870B3FC00EF24BA /* PCCSearchResultsCell.m in Sources */,
				FE274500190378D1007088D6 /* PCCRating.m in Sources */,
				FE7B734318CE8C0A003D9D11 /* PCCIAPHelper.m in Sources */,
				FEE571A9186D00B700FE8FA8 /* PCFAutoCompleteTextField.m in Sources */,
				FE5530EC184D3C4900D13587 /* PCCAppDelegate.m in Sources */,
				FE9628C8185ED7D800F699B5 /* Helpers.m in Sources */,
				FEB9965C188DFDCB0017C552 /* PCCRegistrationViewController.m in Sources */,
				FE7B734018CE8A0C003D9D11 /* IAPHelper.m in Sources */,
				FE7B734E18CE9746003D9D11 /* PCCStoreViewController.m in Sources */,
				FEA2017D1873AE4D009DFE84 /* UIView+Animations.m in Sources */,
				FE9628D3185ED9A100F699B5 /* PCFClassModel.m in Sources */,
				FE9628D4185ED9A100F699B5 /* PCCCourseSlots.m in Sources */,
				FE274503190379AB007088D6 /* PCCCourseRating.m in Sources */,
				FED58A2E1890C375001991F2 /* PCCRegistrationAddCell.m in Sources */,
				FE553118184D3D9A00D13587 /* PCCScheduleViewController.m in Sources */,
				FE50FF18185E9F190084ED32 /* PCCSideMenuViewController.m in Sources */,
				FE2744FD190071CD007088D6 /* PCCProfessorRatingsCell.m in Sources */,
			);
			runOnlyForDeploymentPostprocessing = 0;
		};
		FE5530F5184D3C4900D13587 /* Sources */ = {
			isa = PBXSourcesBuildPhase;
			buildActionMask = 2147483647;
			files = (
				FE553107184D3C4900D13587 /* Purdue_Course_CatcherTests.m in Sources */,
			);
			runOnlyForDeploymentPostprocessing = 0;
		};
/* End PBXSourcesBuildPhase section */

/* Begin PBXTargetDependency section */
		FE5530FF184D3C4900D13587 /* PBXTargetDependency */ = {
			isa = PBXTargetDependency;
			target = FE5530D7184D3C4900D13587 /* Purdue Course Catcher */;
			targetProxy = FE5530FE184D3C4900D13587 /* PBXContainerItemProxy */;
		};
/* End PBXTargetDependency section */

/* Begin PBXVariantGroup section */
		FE5530E4184D3C4900D13587 /* InfoPlist.strings */ = {
			isa = PBXVariantGroup;
			children = (
				FE5530E5184D3C4900D13587 /* en */,
			);
			name = InfoPlist.strings;
			sourceTree = "<group>";
		};
		FE553103184D3C4900D13587 /* InfoPlist.strings */ = {
			isa = PBXVariantGroup;
			children = (
				FE553104184D3C4900D13587 /* en */,
			);
			name = InfoPlist.strings;
			sourceTree = "<group>";
		};
/* End PBXVariantGroup section */

/* Begin XCBuildConfiguration section */
		FE553108184D3C4900D13587 /* Debug */ = {
			isa = XCBuildConfiguration;
			buildSettings = {
				ALWAYS_SEARCH_USER_PATHS = NO;
				ARCHS = "$(ARCHS_STANDARD_INCLUDING_64_BIT)";
				CLANG_CXX_LANGUAGE_STANDARD = "gnu++0x";
				CLANG_CXX_LIBRARY = "libc++";
				CLANG_ENABLE_MODULES = YES;
				CLANG_ENABLE_OBJC_ARC = YES;
				CLANG_WARN_BOOL_CONVERSION = YES;
				CLANG_WARN_CONSTANT_CONVERSION = YES;
				CLANG_WARN_DIRECT_OBJC_ISA_USAGE = YES_ERROR;
				CLANG_WARN_EMPTY_BODY = YES;
				CLANG_WARN_ENUM_CONVERSION = YES;
				CLANG_WARN_INT_CONVERSION = YES;
				CLANG_WARN_OBJC_ROOT_CLASS = YES_ERROR;
				CLANG_WARN__DUPLICATE_METHOD_MATCH = YES;
				"CODE_SIGN_IDENTITY[sdk=iphoneos*]" = "iPhone Developer";
				COPY_PHASE_STRIP = NO;
				GCC_C_LANGUAGE_STANDARD = gnu99;
				GCC_DYNAMIC_NO_PIC = NO;
				GCC_OPTIMIZATION_LEVEL = 0;
				GCC_PREPROCESSOR_DEFINITIONS = (
					"DEBUG=1",
					"$(inherited)",
				);
				GCC_SYMBOLS_PRIVATE_EXTERN = NO;
				GCC_WARN_64_TO_32_BIT_CONVERSION = YES;
				GCC_WARN_ABOUT_RETURN_TYPE = YES_ERROR;
				GCC_WARN_UNDECLARED_SELECTOR = YES;
				GCC_WARN_UNINITIALIZED_AUTOS = YES;
				GCC_WARN_UNUSED_FUNCTION = YES;
				GCC_WARN_UNUSED_VARIABLE = YES;
				IPHONEOS_DEPLOYMENT_TARGET = 7.0;
				ONLY_ACTIVE_ARCH = YES;
				SDKROOT = iphoneos;
			};
			name = Debug;
		};
		FE553109184D3C4900D13587 /* Release */ = {
			isa = XCBuildConfiguration;
			buildSettings = {
				ALWAYS_SEARCH_USER_PATHS = NO;
				ARCHS = "$(ARCHS_STANDARD_INCLUDING_64_BIT)";
				CLANG_CXX_LANGUAGE_STANDARD = "gnu++0x";
				CLANG_CXX_LIBRARY = "libc++";
				CLANG_ENABLE_MODULES = YES;
				CLANG_ENABLE_OBJC_ARC = YES;
				CLANG_WARN_BOOL_CONVERSION = YES;
				CLANG_WARN_CONSTANT_CONVERSION = YES;
				CLANG_WARN_DIRECT_OBJC_ISA_USAGE = YES_ERROR;
				CLANG_WARN_EMPTY_BODY = YES;
				CLANG_WARN_ENUM_CONVERSION = YES;
				CLANG_WARN_INT_CONVERSION = YES;
				CLANG_WARN_OBJC_ROOT_CLASS = YES_ERROR;
				CLANG_WARN__DUPLICATE_METHOD_MATCH = YES;
				"CODE_SIGN_IDENTITY[sdk=iphoneos*]" = "iPhone Developer";
				COPY_PHASE_STRIP = YES;
				ENABLE_NS_ASSERTIONS = NO;
				GCC_C_LANGUAGE_STANDARD = gnu99;
				GCC_WARN_64_TO_32_BIT_CONVERSION = YES;
				GCC_WARN_ABOUT_RETURN_TYPE = YES_ERROR;
				GCC_WARN_UNDECLARED_SELECTOR = YES;
				GCC_WARN_UNINITIALIZED_AUTOS = YES;
				GCC_WARN_UNUSED_FUNCTION = YES;
				GCC_WARN_UNUSED_VARIABLE = YES;
				IPHONEOS_DEPLOYMENT_TARGET = 7.0;
				SDKROOT = iphoneos;
				VALIDATE_PRODUCT = YES;
			};
			name = Release;
		};
		FE55310B184D3C4900D13587 /* Debug */ = {
			isa = XCBuildConfiguration;
			buildSettings = {
				ASSETCATALOG_COMPILER_APPICON_NAME = AppIcon;
				ASSETCATALOG_COMPILER_LAUNCHIMAGE_NAME = LaunchImage;
				CODE_SIGN_IDENTITY = "iPhone Developer: Kamran Pirwani (DNN4RJ3LRM)";
				"CODE_SIGN_IDENTITY[sdk=iphoneos*]" = "iPhone Developer";
				FRAMEWORK_SEARCH_PATHS = (
					"$(inherited)",
					"/Users/kamranpirwani/Desktop/Git/Purdue\\ Course\\ Catcher",
					/Users/kamranpirwani/Documents/FacebookSDK,
				);
				GCC_PRECOMPILE_PREFIX_HEADER = YES;
				GCC_PREFIX_HEADER = "Purdue Course Catcher/Purdue Course Catcher-Prefix.pch";
				INFOPLIST_FILE = "Purdue Course Catcher/Purdue Course Catcher-Info.plist";
				IPHONEOS_DEPLOYMENT_TARGET = 6.0;
				PRODUCT_NAME = "$(TARGET_NAME)";
				PROVISIONING_PROFILE = "B533E649-62F4-4A7C-9664-AAD14DF31A3D";
				WRAPPER_EXTENSION = app;
			};
			name = Debug;
		};
		FE55310C184D3C4900D13587 /* Release */ = {
			isa = XCBuildConfiguration;
			buildSettings = {
				ASSETCATALOG_COMPILER_APPICON_NAME = AppIcon;
				ASSETCATALOG_COMPILER_LAUNCHIMAGE_NAME = LaunchImage;
				CODE_SIGN_IDENTITY = "iPhone Developer: Kamran Pirwani (DNN4RJ3LRM)";
				"CODE_SIGN_IDENTITY[sdk=iphoneos*]" = "iPhone Developer";
				FRAMEWORK_SEARCH_PATHS = (
					"$(inherited)",
					"/Users/kamranpirwani/Desktop/Git/Purdue\\ Course\\ Catcher",
					/Users/kamranpirwani/Documents/FacebookSDK,
				);
				GCC_PRECOMPILE_PREFIX_HEADER = YES;
				GCC_PREFIX_HEADER = "Purdue Course Catcher/Purdue Course Catcher-Prefix.pch";
				INFOPLIST_FILE = "Purdue Course Catcher/Purdue Course Catcher-Info.plist";
				IPHONEOS_DEPLOYMENT_TARGET = 6.0;
				PRODUCT_NAME = "$(TARGET_NAME)";
				PROVISIONING_PROFILE = "B533E649-62F4-4A7C-9664-AAD14DF31A3D";
				WRAPPER_EXTENSION = app;
			};
			name = Release;
		};
		FE55310E184D3C4900D13587 /* Debug */ = {
			isa = XCBuildConfiguration;
			buildSettings = {
				ARCHS = "$(ARCHS_STANDARD_INCLUDING_64_BIT)";
				BUNDLE_LOADER = "$(BUILT_PRODUCTS_DIR)/Purdue Course Catcher.app/Purdue Course Catcher";
				FRAMEWORK_SEARCH_PATHS = (
					"$(SDKROOT)/Developer/Library/Frameworks",
					"$(inherited)",
					"$(DEVELOPER_FRAMEWORKS_DIR)",
				);
				GCC_PRECOMPILE_PREFIX_HEADER = YES;
				GCC_PREFIX_HEADER = "Purdue Course Catcher/Purdue Course Catcher-Prefix.pch";
				GCC_PREPROCESSOR_DEFINITIONS = (
					"DEBUG=1",
					"$(inherited)",
				);
				INFOPLIST_FILE = "Purdue Course CatcherTests/Purdue Course CatcherTests-Info.plist";
				PRODUCT_NAME = "$(TARGET_NAME)";
				TEST_HOST = "$(BUNDLE_LOADER)";
				WRAPPER_EXTENSION = xctest;
			};
			name = Debug;
		};
		FE55310F184D3C4900D13587 /* Release */ = {
			isa = XCBuildConfiguration;
			buildSettings = {
				ARCHS = "$(ARCHS_STANDARD_INCLUDING_64_BIT)";
				BUNDLE_LOADER = "$(BUILT_PRODUCTS_DIR)/Purdue Course Catcher.app/Purdue Course Catcher";
				FRAMEWORK_SEARCH_PATHS = (
					"$(SDKROOT)/Developer/Library/Frameworks",
					"$(inherited)",
					"$(DEVELOPER_FRAMEWORKS_DIR)",
				);
				GCC_PRECOMPILE_PREFIX_HEADER = YES;
				GCC_PREFIX_HEADER = "Purdue Course Catcher/Purdue Course Catcher-Prefix.pch";
				INFOPLIST_FILE = "Purdue Course CatcherTests/Purdue Course CatcherTests-Info.plist";
				PRODUCT_NAME = "$(TARGET_NAME)";
				TEST_HOST = "$(BUNDLE_LOADER)";
				WRAPPER_EXTENSION = xctest;
			};
			name = Release;
		};
/* End XCBuildConfiguration section */

/* Begin XCConfigurationList section */
		FE5530D3184D3C4900D13587 /* Build configuration list for PBXProject "Purdue Course Catcher" */ = {
			isa = XCConfigurationList;
			buildConfigurations = (
				FE553108184D3C4900D13587 /* Debug */,
				FE553109184D3C4900D13587 /* Release */,
			);
			defaultConfigurationIsVisible = 0;
			defaultConfigurationName = Release;
		};
		FE55310A184D3C4900D13587 /* Build configuration list for PBXNativeTarget "Purdue Course Catcher" */ = {
			isa = XCConfigurationList;
			buildConfigurations = (
				FE55310B184D3C4900D13587 /* Debug */,
				FE55310C184D3C4900D13587 /* Release */,
			);
			defaultConfigurationIsVisible = 0;
			defaultConfigurationName = Release;
		};
		FE55310D184D3C4900D13587 /* Build configuration list for PBXNativeTarget "Purdue Course CatcherTests" */ = {
			isa = XCConfigurationList;
			buildConfigurations = (
				FE55310E184D3C4900D13587 /* Debug */,
				FE55310F184D3C4900D13587 /* Release */,
			);
			defaultConfigurationIsVisible = 0;
			defaultConfigurationName = Release;
		};
/* End XCConfigurationList section */
	};
	rootObject = FE5530D0184D3C4900D13587 /* Project object */;
}
